// !$*UTF8*$!
{
	archiveVersion = 1;
	classes = {
	};
	objectVersion = 56;
	objects = {

/* Begin PBXBuildFile section */
		3C1F4C112CF732CA003B5962 /* JangbuDetailHistoryView.swift in Sources */ = {isa = PBXBuildFile; fileRef = 3C1F4C102CF732CA003B5962 /* JangbuDetailHistoryView.swift */; };
		3C1F4C132CF76F60003B5962 /* JKFImage.swift in Sources */ = {isa = PBXBuildFile; fileRef = 3C1F4C122CF76F60003B5962 /* JKFImage.swift */; };
		3C1F4C162CF76F7D003B5962 /* Kingfisher in Frameworks */ = {isa = PBXBuildFile; productRef = 3C1F4C152CF76F7D003B5962 /* Kingfisher */; };
		3C4CF3CF2CEBCC2500515453 /* OnboardingFifthView.swift in Sources */ = {isa = PBXBuildFile; fileRef = 3C4CF3CE2CEBCC2500515453 /* OnboardingFifthView.swift */; };
		3C4CF3D12CEBCD9B00515453 /* JLeftTextField.swift in Sources */ = {isa = PBXBuildFile; fileRef = 3C4CF3D02CEBCD9B00515453 /* JLeftTextField.swift */; };
		3C4CF3D62CEC3DAE00515453 /* Config.swift in Sources */ = {isa = PBXBuildFile; fileRef = 3C4CF3D52CEC3DAE00515453 /* Config.swift */; };
		3C4CF3D82CEC634000515453 /* AuthStore.swift in Sources */ = {isa = PBXBuildFile; fileRef = 3C4CF3D72CEC634000515453 /* AuthStore.swift */; };
		3C4CF3DB2CEC644E00515453 /* SwiftKeychainWrapper in Frameworks */ = {isa = PBXBuildFile; productRef = 3C4CF3DA2CEC644E00515453 /* SwiftKeychainWrapper */; };
		3C4CF3DD2CEC647E00515453 /* KeyChainStore.swift in Sources */ = {isa = PBXBuildFile; fileRef = 3C4CF3DC2CEC647E00515453 /* KeyChainStore.swift */; };
		3C4CF3E42CEC65C900515453 /* Auth.swift in Sources */ = {isa = PBXBuildFile; fileRef = 3C4CF3E32CEC65C900515453 /* Auth.swift */; };
		3C4CF3E62CEC680400515453 /* KakaoSDK in Frameworks */ = {isa = PBXBuildFile; productRef = 3C4CF3E52CEC680400515453 /* KakaoSDK */; };
		3C4CF3E82CEC680400515453 /* KakaoSDKAuth in Frameworks */ = {isa = PBXBuildFile; productRef = 3C4CF3E72CEC680400515453 /* KakaoSDKAuth */; };
		3C4CF3EA2CEC680400515453 /* KakaoSDKCert in Frameworks */ = {isa = PBXBuildFile; productRef = 3C4CF3E92CEC680400515453 /* KakaoSDKCert */; };
		3C4CF3EC2CEC680400515453 /* KakaoSDKCertCore in Frameworks */ = {isa = PBXBuildFile; productRef = 3C4CF3EB2CEC680400515453 /* KakaoSDKCertCore */; };
		3C4CF3EE2CEC680400515453 /* KakaoSDKCommon in Frameworks */ = {isa = PBXBuildFile; productRef = 3C4CF3ED2CEC680400515453 /* KakaoSDKCommon */; };
		3C4CF3F12CEC686F00515453 /* Alamofire in Frameworks */ = {isa = PBXBuildFile; productRef = 3C4CF3F02CEC686F00515453 /* Alamofire */; };
		3C4CF3F32CECA4EC00515453 /* MainTapView.swift in Sources */ = {isa = PBXBuildFile; fileRef = 3C4CF3F22CECA4EC00515453 /* MainTapView.swift */; };
		3C4CF3F62CECA56E00515453 /* HomeView.swift in Sources */ = {isa = PBXBuildFile; fileRef = 3C4CF3F52CECA56E00515453 /* HomeView.swift */; };
		3C4CF3F92CECA5B300515453 /* OrderHistoryView.swift in Sources */ = {isa = PBXBuildFile; fileRef = 3C4CF3F82CECA5B300515453 /* OrderHistoryView.swift */; };
		3C4CF3FC2CECA5E700515453 /* JangbuManageView.swift in Sources */ = {isa = PBXBuildFile; fileRef = 3C4CF3FB2CECA5E700515453 /* JangbuManageView.swift */; };
		3C4CF3FF2CECA60D00515453 /* ReservationView.swift in Sources */ = {isa = PBXBuildFile; fileRef = 3C4CF3FE2CECA60D00515453 /* ReservationView.swift */; };
		3C4CF4022CECA63400515453 /* MyInfoView.swift in Sources */ = {isa = PBXBuildFile; fileRef = 3C4CF4012CECA63400515453 /* MyInfoView.swift */; };
		3C4CF4072CED992600515453 /* HomeTodayOrderHistoryView.swift in Sources */ = {isa = PBXBuildFile; fileRef = 3C4CF4062CED992600515453 /* HomeTodayOrderHistoryView.swift */; };
		3C4CF4092CED9F9900515453 /* Reservation.swift in Sources */ = {isa = PBXBuildFile; fileRef = 3C4CF4082CED9F9900515453 /* Reservation.swift */; };
		3C4CF40B2CEDA18000515453 /* NowReservationView.swift in Sources */ = {isa = PBXBuildFile; fileRef = 3C4CF40A2CEDA18000515453 /* NowReservationView.swift */; };
		3C6AA5B22CF27B10000A4D49 /* Lottie in Frameworks */ = {isa = PBXBuildFile; productRef = 3C6AA5B12CF27B10000A4D49 /* Lottie */; };
		3C6AA5B72CF27CCC000A4D49 /* Coin animation.json in Resources */ = {isa = PBXBuildFile; fileRef = 3C6AA5B62CF27CCC000A4D49 /* Coin animation.json */; };
		3C6AA5B92CF27DAE000A4D49 /* Login ani 1.json in Resources */ = {isa = PBXBuildFile; fileRef = 3C6AA5B82CF27DAE000A4D49 /* Login ani 1.json */; };
		3C6AA5BB2CF2800F000A4D49 /* MyInfo.swift in Sources */ = {isa = PBXBuildFile; fileRef = 3C6AA5BA2CF2800F000A4D49 /* MyInfo.swift */; };
		3C6AA5BD2CF280B2000A4D49 /* MyInfoStore.swift in Sources */ = {isa = PBXBuildFile; fileRef = 3C6AA5BC2CF280B2000A4D49 /* MyInfoStore.swift */; };
		3C9F9DE32CEAD71000ED539E /* JTextField.swift in Sources */ = {isa = PBXBuildFile; fileRef = 3C9F9DE22CEAD71000ED539E /* JTextField.swift */; };
		3C9F9DE52CEAD72D00ED539E /* JNavigationButton.swift in Sources */ = {isa = PBXBuildFile; fileRef = 3C9F9DE42CEAD72D00ED539E /* JNavigationButton.swift */; };
		3C9F9DE72CEAD87A00ED539E /* OnboardingSecondView.swift in Sources */ = {isa = PBXBuildFile; fileRef = 3C9F9DE62CEAD87A00ED539E /* OnboardingSecondView.swift */; };
		3C9F9DE92CEAD8A200ED539E /* JAgreementRowView.swift in Sources */ = {isa = PBXBuildFile; fileRef = 3C9F9DE82CEAD8A200ED539E /* JAgreementRowView.swift */; };
		3C9F9DEB2CEAD8B900ED539E /* OnboardingThirdView.swift in Sources */ = {isa = PBXBuildFile; fileRef = 3C9F9DEA2CEAD8B900ED539E /* OnboardingThirdView.swift */; };
		3C9F9DED2CEAD8D300ED539E /* OnboardingFourthView.swift in Sources */ = {isa = PBXBuildFile; fileRef = 3C9F9DEC2CEAD8D300ED539E /* OnboardingFourthView.swift */; };
		3C9F9DEF2CEAD90D00ED539E /* JImagePicker.swift in Sources */ = {isa = PBXBuildFile; fileRef = 3C9F9DEE2CEAD90D00ED539E /* JImagePicker.swift */; };
		3C9F9DF12CEAD92700ED539E /* JTagButton.swift in Sources */ = {isa = PBXBuildFile; fileRef = 3C9F9DF02CEAD92700ED539E /* JTagButton.swift */; };
		3C9F9DF32CEAD95100ED539E /* JDayButton.swift in Sources */ = {isa = PBXBuildFile; fileRef = 3C9F9DF22CEAD95100ED539E /* JDayButton.swift */; };
		3C9F9DF52CEADA3D00ED539E /* MenuItem.swift in Sources */ = {isa = PBXBuildFile; fileRef = 3C9F9DF42CEADA3D00ED539E /* MenuItem.swift */; };
		3C9F9DF82CEADAD800ED539E /* MenuItemView.swift in Sources */ = {isa = PBXBuildFile; fileRef = 3C9F9DF72CEADAD800ED539E /* MenuItemView.swift */; };
		3C9F9DFA2CEADAEC00ED539E /* MenuRegisterView.swift in Sources */ = {isa = PBXBuildFile; fileRef = 3C9F9DF92CEADAEC00ED539E /* MenuRegisterView.swift */; };
		3C9F9DFC2CEADC9500ED539E /* JPopupView.swift in Sources */ = {isa = PBXBuildFile; fileRef = 3C9F9DFB2CEADC9500ED539E /* JPopupView.swift */; };
		3CA749002CEA48F100ACDFEF /* JangbuRichApp.swift in Sources */ = {isa = PBXBuildFile; fileRef = 3CA748FF2CEA48F100ACDFEF /* JangbuRichApp.swift */; };
		3CA749042CEA48F400ACDFEF /* Assets.xcassets in Resources */ = {isa = PBXBuildFile; fileRef = 3CA749032CEA48F400ACDFEF /* Assets.xcassets */; };
		3CA749072CEA48F400ACDFEF /* Preview Assets.xcassets in Resources */ = {isa = PBXBuildFile; fileRef = 3CA749062CEA48F400ACDFEF /* Preview Assets.xcassets */; };
		3CA7491B2CEA4D7200ACDFEF /* Pretendard-Bold.otf in Resources */ = {isa = PBXBuildFile; fileRef = 3CA749142CEA4D7200ACDFEF /* Pretendard-Bold.otf */; };
		3CA7491C2CEA4D7200ACDFEF /* Pretendard-Light.otf in Resources */ = {isa = PBXBuildFile; fileRef = 3CA749152CEA4D7200ACDFEF /* Pretendard-Light.otf */; };
		3CA7491D2CEA4D7200ACDFEF /* Pretendard-Medium.otf in Resources */ = {isa = PBXBuildFile; fileRef = 3CA749162CEA4D7200ACDFEF /* Pretendard-Medium.otf */; };
		3CA7491E2CEA4D7200ACDFEF /* Pretendard-Regular.otf in Resources */ = {isa = PBXBuildFile; fileRef = 3CA749172CEA4D7200ACDFEF /* Pretendard-Regular.otf */; };
		3CA7491F2CEA4D7200ACDFEF /* Pretendard-SemiBold.otf in Resources */ = {isa = PBXBuildFile; fileRef = 3CA749182CEA4D7200ACDFEF /* Pretendard-SemiBold.otf */; };
		3CA749202CEA4D7200ACDFEF /* Pretendard-Thin.otf in Resources */ = {isa = PBXBuildFile; fileRef = 3CA749192CEA4D7200ACDFEF /* Pretendard-Thin.otf */; };
		3CA749222CEA4DBF00ACDFEF /* Font+.swift in Sources */ = {isa = PBXBuildFile; fileRef = 3CA749212CEA4DBF00ACDFEF /* Font+.swift */; };
		3CA749242CEA4F2D00ACDFEF /* Color+.swift in Sources */ = {isa = PBXBuildFile; fileRef = 3CA749232CEA4F2D00ACDFEF /* Color+.swift */; };
		3CA749262CEA4F5500ACDFEF /* ShapeStyle+.swift in Sources */ = {isa = PBXBuildFile; fileRef = 3CA749252CEA4F5500ACDFEF /* ShapeStyle+.swift */; };
		3CA749282CEA529C00ACDFEF /* LaunchView.swift in Sources */ = {isa = PBXBuildFile; fileRef = 3CA749272CEA529C00ACDFEF /* LaunchView.swift */; };
		3CA7492A2CEA52CB00ACDFEF /* LoginView.swift in Sources */ = {isa = PBXBuildFile; fileRef = 3CA749292CEA52CB00ACDFEF /* LoginView.swift */; };
		3CA7492F2CEA6CA300ACDFEF /* View+.swift in Sources */ = {isa = PBXBuildFile; fileRef = 3CA7492E2CEA6CA300ACDFEF /* View+.swift */; };
		3CA749322CEA6CCB00ACDFEF /* JBackButton.swift in Sources */ = {isa = PBXBuildFile; fileRef = 3CA749312CEA6CCB00ACDFEF /* JBackButton.swift */; };
		3CA749352CEACF6D00ACDFEF /* OnboardingFirstView.swift in Sources */ = {isa = PBXBuildFile; fileRef = 3CA749342CEACF6D00ACDFEF /* OnboardingFirstView.swift */; };
		3CC986782CF1A47B00B40D78 /* OverlayManager.swift in Sources */ = {isa = PBXBuildFile; fileRef = 3CC986772CF1A47B00B40D78 /* OverlayManager.swift */; };
		3CC9867A2CF1B9C800B40D78 /* OrderHistoryListView.swift in Sources */ = {isa = PBXBuildFile; fileRef = 3CC986792CF1B9C800B40D78 /* OrderHistoryListView.swift */; };
		3CC9867F2CF1CC2500B40D78 /* JangbuGroupView.swift in Sources */ = {isa = PBXBuildFile; fileRef = 3CC9867E2CF1CC2500B40D78 /* JangbuGroupView.swift */; };
		3CC986812CF1E07700B40D78 /* Jangbu.swift in Sources */ = {isa = PBXBuildFile; fileRef = 3CC986802CF1E07700B40D78 /* Jangbu.swift */; };
		3CC986832CF1E29500B40D78 /* JangbuHistoryView.swift in Sources */ = {isa = PBXBuildFile; fileRef = 3CC986822CF1E29500B40D78 /* JangbuHistoryView.swift */; };
		3CC986852CF1F08E00B40D78 /* JangbuGroupListView.swift in Sources */ = {isa = PBXBuildFile; fileRef = 3CC986842CF1F08E00B40D78 /* JangbuGroupListView.swift */; };
		3CC986872CF1F09D00B40D78 /* JangbuHistoryListView.swift in Sources */ = {isa = PBXBuildFile; fileRef = 3CC986862CF1F09D00B40D78 /* JangbuHistoryListView.swift */; };
		3CC986892CF1F7BA00B40D78 /* JangbuGroupDetailView.swift in Sources */ = {isa = PBXBuildFile; fileRef = 3CC986882CF1F7BA00B40D78 /* JangbuGroupDetailView.swift */; };
		3CC9868B2CF2070200B40D78 /* BaseResponse.swift in Sources */ = {isa = PBXBuildFile; fileRef = 3CC9868A2CF2070200B40D78 /* BaseResponse.swift */; };
		3CC9868D2CF23FC700B40D78 /* TodayOrder.swift in Sources */ = {isa = PBXBuildFile; fileRef = 3CC9868C2CF23FC700B40D78 /* TodayOrder.swift */; };
		3CC9868F2CF2404000B40D78 /* TodayOrderStore.swift in Sources */ = {isa = PBXBuildFile; fileRef = 3CC9868E2CF2404000B40D78 /* TodayOrderStore.swift */; };
		3CC986912CF2620700B40D78 /* PastOrderDetailView.swift in Sources */ = {isa = PBXBuildFile; fileRef = 3CC986902CF2620700B40D78 /* PastOrderDetailView.swift */; };
		3CC986932CF2662800B40D78 /* JangbuStore.swift in Sources */ = {isa = PBXBuildFile; fileRef = 3CC986922CF2662800B40D78 /* JangbuStore.swift */; };
		3CC986982CF27A7B00B40D78 /* LottieView.swift in Sources */ = {isa = PBXBuildFile; fileRef = 3CC986972CF27A7B00B40D78 /* LottieView.swift */; };
		3CF18CF72CEEF015006A0AAA /* TodayOrderDetailView.swift in Sources */ = {isa = PBXBuildFile; fileRef = 3CF18CF62CEEF015006A0AAA /* TodayOrderDetailView.swift */; };
		3CF18CF92CEEF45C006A0AAA /* OrderDetailPopupView.swift in Sources */ = {isa = PBXBuildFile; fileRef = 3CF18CF82CEEF45C006A0AAA /* OrderDetailPopupView.swift */; };
/* End PBXBuildFile section */

/* Begin PBXFileReference section */
		3C1F4C102CF732CA003B5962 /* JangbuDetailHistoryView.swift */ = {isa = PBXFileReference; lastKnownFileType = sourcecode.swift; path = JangbuDetailHistoryView.swift; sourceTree = "<group>"; };
		3C1F4C122CF76F60003B5962 /* JKFImage.swift */ = {isa = PBXFileReference; lastKnownFileType = sourcecode.swift; path = JKFImage.swift; sourceTree = "<group>"; };
		3C4CF3CE2CEBCC2500515453 /* OnboardingFifthView.swift */ = {isa = PBXFileReference; lastKnownFileType = sourcecode.swift; path = OnboardingFifthView.swift; sourceTree = "<group>"; };
		3C4CF3D02CEBCD9B00515453 /* JLeftTextField.swift */ = {isa = PBXFileReference; lastKnownFileType = sourcecode.swift; path = JLeftTextField.swift; sourceTree = "<group>"; };
		3C4CF3D32CEC3AD700515453 /* Config.xcconfig */ = {isa = PBXFileReference; lastKnownFileType = text.xcconfig; path = Config.xcconfig; sourceTree = "<group>"; };
		3C4CF3D52CEC3DAE00515453 /* Config.swift */ = {isa = PBXFileReference; lastKnownFileType = sourcecode.swift; path = Config.swift; sourceTree = "<group>"; };
		3C4CF3D72CEC634000515453 /* AuthStore.swift */ = {isa = PBXFileReference; lastKnownFileType = sourcecode.swift; path = AuthStore.swift; sourceTree = "<group>"; };
		3C4CF3DC2CEC647E00515453 /* KeyChainStore.swift */ = {isa = PBXFileReference; lastKnownFileType = sourcecode.swift; path = KeyChainStore.swift; sourceTree = "<group>"; };
		3C4CF3E32CEC65C900515453 /* Auth.swift */ = {isa = PBXFileReference; lastKnownFileType = sourcecode.swift; path = Auth.swift; sourceTree = "<group>"; };
		3C4CF3F22CECA4EC00515453 /* MainTapView.swift */ = {isa = PBXFileReference; lastKnownFileType = sourcecode.swift; path = MainTapView.swift; sourceTree = "<group>"; };
		3C4CF3F52CECA56E00515453 /* HomeView.swift */ = {isa = PBXFileReference; lastKnownFileType = sourcecode.swift; path = HomeView.swift; sourceTree = "<group>"; };
		3C4CF3F82CECA5B300515453 /* OrderHistoryView.swift */ = {isa = PBXFileReference; lastKnownFileType = sourcecode.swift; path = OrderHistoryView.swift; sourceTree = "<group>"; };
		3C4CF3FB2CECA5E700515453 /* JangbuManageView.swift */ = {isa = PBXFileReference; lastKnownFileType = sourcecode.swift; path = JangbuManageView.swift; sourceTree = "<group>"; };
		3C4CF3FE2CECA60D00515453 /* ReservationView.swift */ = {isa = PBXFileReference; lastKnownFileType = sourcecode.swift; path = ReservationView.swift; sourceTree = "<group>"; };
		3C4CF4012CECA63400515453 /* MyInfoView.swift */ = {isa = PBXFileReference; lastKnownFileType = sourcecode.swift; path = MyInfoView.swift; sourceTree = "<group>"; };
		3C4CF4062CED992600515453 /* HomeTodayOrderHistoryView.swift */ = {isa = PBXFileReference; lastKnownFileType = sourcecode.swift; path = HomeTodayOrderHistoryView.swift; sourceTree = "<group>"; };
		3C4CF4082CED9F9900515453 /* Reservation.swift */ = {isa = PBXFileReference; lastKnownFileType = sourcecode.swift; path = Reservation.swift; sourceTree = "<group>"; };
		3C4CF40A2CEDA18000515453 /* NowReservationView.swift */ = {isa = PBXFileReference; lastKnownFileType = sourcecode.swift; path = NowReservationView.swift; sourceTree = "<group>"; };
		3C6AA5B62CF27CCC000A4D49 /* Coin animation.json */ = {isa = PBXFileReference; fileEncoding = 4; lastKnownFileType = text.json; name = "Coin animation.json"; path = "../../../../../../../../Downloads/Home animation/Coin animation.json"; sourceTree = "<group>"; };
		3C6AA5B82CF27DAE000A4D49 /* Login ani 1.json */ = {isa = PBXFileReference; fileEncoding = 4; lastKnownFileType = text.json; name = "Login ani 1.json"; path = "../../../../../../../../Downloads/추가 Lottie 파일 (1)/Login ani 1.json"; sourceTree = "<group>"; };
		3C6AA5BA2CF2800F000A4D49 /* MyInfo.swift */ = {isa = PBXFileReference; lastKnownFileType = sourcecode.swift; path = MyInfo.swift; sourceTree = "<group>"; };
		3C6AA5BC2CF280B2000A4D49 /* MyInfoStore.swift */ = {isa = PBXFileReference; lastKnownFileType = sourcecode.swift; path = MyInfoStore.swift; sourceTree = "<group>"; };
		3C9F9DE22CEAD71000ED539E /* JTextField.swift */ = {isa = PBXFileReference; lastKnownFileType = sourcecode.swift; path = JTextField.swift; sourceTree = "<group>"; };
		3C9F9DE42CEAD72D00ED539E /* JNavigationButton.swift */ = {isa = PBXFileReference; lastKnownFileType = sourcecode.swift; path = JNavigationButton.swift; sourceTree = "<group>"; };
		3C9F9DE62CEAD87A00ED539E /* OnboardingSecondView.swift */ = {isa = PBXFileReference; lastKnownFileType = sourcecode.swift; path = OnboardingSecondView.swift; sourceTree = "<group>"; };
		3C9F9DE82CEAD8A200ED539E /* JAgreementRowView.swift */ = {isa = PBXFileReference; lastKnownFileType = sourcecode.swift; path = JAgreementRowView.swift; sourceTree = "<group>"; };
		3C9F9DEA2CEAD8B900ED539E /* OnboardingThirdView.swift */ = {isa = PBXFileReference; lastKnownFileType = sourcecode.swift; path = OnboardingThirdView.swift; sourceTree = "<group>"; };
		3C9F9DEC2CEAD8D300ED539E /* OnboardingFourthView.swift */ = {isa = PBXFileReference; lastKnownFileType = sourcecode.swift; path = OnboardingFourthView.swift; sourceTree = "<group>"; };
		3C9F9DEE2CEAD90D00ED539E /* JImagePicker.swift */ = {isa = PBXFileReference; lastKnownFileType = sourcecode.swift; path = JImagePicker.swift; sourceTree = "<group>"; };
		3C9F9DF02CEAD92700ED539E /* JTagButton.swift */ = {isa = PBXFileReference; lastKnownFileType = sourcecode.swift; path = JTagButton.swift; sourceTree = "<group>"; };
		3C9F9DF22CEAD95100ED539E /* JDayButton.swift */ = {isa = PBXFileReference; lastKnownFileType = sourcecode.swift; path = JDayButton.swift; sourceTree = "<group>"; };
		3C9F9DF42CEADA3D00ED539E /* MenuItem.swift */ = {isa = PBXFileReference; lastKnownFileType = sourcecode.swift; path = MenuItem.swift; sourceTree = "<group>"; };
		3C9F9DF72CEADAD800ED539E /* MenuItemView.swift */ = {isa = PBXFileReference; lastKnownFileType = sourcecode.swift; path = MenuItemView.swift; sourceTree = "<group>"; };
		3C9F9DF92CEADAEC00ED539E /* MenuRegisterView.swift */ = {isa = PBXFileReference; lastKnownFileType = sourcecode.swift; path = MenuRegisterView.swift; sourceTree = "<group>"; };
		3C9F9DFB2CEADC9500ED539E /* JPopupView.swift */ = {isa = PBXFileReference; lastKnownFileType = sourcecode.swift; path = JPopupView.swift; sourceTree = "<group>"; };
		3CA748FC2CEA48F100ACDFEF /* JangbuRich.app */ = {isa = PBXFileReference; explicitFileType = wrapper.application; includeInIndex = 0; path = JangbuRich.app; sourceTree = BUILT_PRODUCTS_DIR; };
		3CA748FF2CEA48F100ACDFEF /* JangbuRichApp.swift */ = {isa = PBXFileReference; lastKnownFileType = sourcecode.swift; path = JangbuRichApp.swift; sourceTree = "<group>"; };
		3CA749032CEA48F400ACDFEF /* Assets.xcassets */ = {isa = PBXFileReference; lastKnownFileType = folder.assetcatalog; path = Assets.xcassets; sourceTree = "<group>"; };
		3CA749062CEA48F400ACDFEF /* Preview Assets.xcassets */ = {isa = PBXFileReference; lastKnownFileType = folder.assetcatalog; path = "Preview Assets.xcassets"; sourceTree = "<group>"; };
		3CA749132CEA4CDB00ACDFEF /* Info.plist */ = {isa = PBXFileReference; lastKnownFileType = text.plist; path = Info.plist; sourceTree = "<group>"; };
		3CA749142CEA4D7200ACDFEF /* Pretendard-Bold.otf */ = {isa = PBXFileReference; lastKnownFileType = file; path = "Pretendard-Bold.otf"; sourceTree = "<group>"; };
		3CA749152CEA4D7200ACDFEF /* Pretendard-Light.otf */ = {isa = PBXFileReference; lastKnownFileType = file; path = "Pretendard-Light.otf"; sourceTree = "<group>"; };
		3CA749162CEA4D7200ACDFEF /* Pretendard-Medium.otf */ = {isa = PBXFileReference; lastKnownFileType = file; path = "Pretendard-Medium.otf"; sourceTree = "<group>"; };
		3CA749172CEA4D7200ACDFEF /* Pretendard-Regular.otf */ = {isa = PBXFileReference; lastKnownFileType = file; path = "Pretendard-Regular.otf"; sourceTree = "<group>"; };
		3CA749182CEA4D7200ACDFEF /* Pretendard-SemiBold.otf */ = {isa = PBXFileReference; lastKnownFileType = file; path = "Pretendard-SemiBold.otf"; sourceTree = "<group>"; };
		3CA749192CEA4D7200ACDFEF /* Pretendard-Thin.otf */ = {isa = PBXFileReference; lastKnownFileType = file; path = "Pretendard-Thin.otf"; sourceTree = "<group>"; };
		3CA749212CEA4DBF00ACDFEF /* Font+.swift */ = {isa = PBXFileReference; lastKnownFileType = sourcecode.swift; path = "Font+.swift"; sourceTree = "<group>"; };
		3CA749232CEA4F2D00ACDFEF /* Color+.swift */ = {isa = PBXFileReference; lastKnownFileType = sourcecode.swift; path = "Color+.swift"; sourceTree = "<group>"; };
		3CA749252CEA4F5500ACDFEF /* ShapeStyle+.swift */ = {isa = PBXFileReference; lastKnownFileType = sourcecode.swift; path = "ShapeStyle+.swift"; sourceTree = "<group>"; };
		3CA749272CEA529C00ACDFEF /* LaunchView.swift */ = {isa = PBXFileReference; lastKnownFileType = sourcecode.swift; path = LaunchView.swift; sourceTree = "<group>"; };
		3CA749292CEA52CB00ACDFEF /* LoginView.swift */ = {isa = PBXFileReference; lastKnownFileType = sourcecode.swift; path = LoginView.swift; sourceTree = "<group>"; };
		3CA7492E2CEA6CA300ACDFEF /* View+.swift */ = {isa = PBXFileReference; lastKnownFileType = sourcecode.swift; path = "View+.swift"; sourceTree = "<group>"; };
		3CA749312CEA6CCB00ACDFEF /* JBackButton.swift */ = {isa = PBXFileReference; lastKnownFileType = sourcecode.swift; path = JBackButton.swift; sourceTree = "<group>"; };
		3CA749342CEACF6D00ACDFEF /* OnboardingFirstView.swift */ = {isa = PBXFileReference; lastKnownFileType = sourcecode.swift; path = OnboardingFirstView.swift; sourceTree = "<group>"; };
		3CC986772CF1A47B00B40D78 /* OverlayManager.swift */ = {isa = PBXFileReference; lastKnownFileType = sourcecode.swift; path = OverlayManager.swift; sourceTree = "<group>"; };
		3CC986792CF1B9C800B40D78 /* OrderHistoryListView.swift */ = {isa = PBXFileReference; lastKnownFileType = sourcecode.swift; path = OrderHistoryListView.swift; sourceTree = "<group>"; };
		3CC9867E2CF1CC2500B40D78 /* JangbuGroupView.swift */ = {isa = PBXFileReference; lastKnownFileType = sourcecode.swift; path = JangbuGroupView.swift; sourceTree = "<group>"; };
		3CC986802CF1E07700B40D78 /* Jangbu.swift */ = {isa = PBXFileReference; lastKnownFileType = sourcecode.swift; path = Jangbu.swift; sourceTree = "<group>"; };
		3CC986822CF1E29500B40D78 /* JangbuHistoryView.swift */ = {isa = PBXFileReference; lastKnownFileType = sourcecode.swift; path = JangbuHistoryView.swift; sourceTree = "<group>"; };
		3CC986842CF1F08E00B40D78 /* JangbuGroupListView.swift */ = {isa = PBXFileReference; lastKnownFileType = sourcecode.swift; path = JangbuGroupListView.swift; sourceTree = "<group>"; };
		3CC986862CF1F09D00B40D78 /* JangbuHistoryListView.swift */ = {isa = PBXFileReference; lastKnownFileType = sourcecode.swift; path = JangbuHistoryListView.swift; sourceTree = "<group>"; };
		3CC986882CF1F7BA00B40D78 /* JangbuGroupDetailView.swift */ = {isa = PBXFileReference; lastKnownFileType = sourcecode.swift; path = JangbuGroupDetailView.swift; sourceTree = "<group>"; };
		3CC9868A2CF2070200B40D78 /* BaseResponse.swift */ = {isa = PBXFileReference; lastKnownFileType = sourcecode.swift; path = BaseResponse.swift; sourceTree = "<group>"; };
		3CC9868C2CF23FC700B40D78 /* TodayOrder.swift */ = {isa = PBXFileReference; lastKnownFileType = sourcecode.swift; path = TodayOrder.swift; sourceTree = "<group>"; };
		3CC9868E2CF2404000B40D78 /* TodayOrderStore.swift */ = {isa = PBXFileReference; lastKnownFileType = sourcecode.swift; path = TodayOrderStore.swift; sourceTree = "<group>"; };
		3CC986902CF2620700B40D78 /* PastOrderDetailView.swift */ = {isa = PBXFileReference; lastKnownFileType = sourcecode.swift; path = PastOrderDetailView.swift; sourceTree = "<group>"; };
		3CC986922CF2662800B40D78 /* JangbuStore.swift */ = {isa = PBXFileReference; lastKnownFileType = sourcecode.swift; path = JangbuStore.swift; sourceTree = "<group>"; };
		3CC986972CF27A7B00B40D78 /* LottieView.swift */ = {isa = PBXFileReference; lastKnownFileType = sourcecode.swift; path = LottieView.swift; sourceTree = "<group>"; };
		3CF18CF62CEEF015006A0AAA /* TodayOrderDetailView.swift */ = {isa = PBXFileReference; lastKnownFileType = sourcecode.swift; path = TodayOrderDetailView.swift; sourceTree = "<group>"; };
		3CF18CF82CEEF45C006A0AAA /* OrderDetailPopupView.swift */ = {isa = PBXFileReference; lastKnownFileType = sourcecode.swift; path = OrderDetailPopupView.swift; sourceTree = "<group>"; };
/* End PBXFileReference section */

/* Begin PBXFrameworksBuildPhase section */
		3CA748F92CEA48F100ACDFEF /* Frameworks */ = {
			isa = PBXFrameworksBuildPhase;
			buildActionMask = 2147483647;
			files = (
				3C4CF3EE2CEC680400515453 /* KakaoSDKCommon in Frameworks */,
				3C4CF3F12CEC686F00515453 /* Alamofire in Frameworks */,
				3C4CF3DB2CEC644E00515453 /* SwiftKeychainWrapper in Frameworks */,
				3C1F4C162CF76F7D003B5962 /* Kingfisher in Frameworks */,
				3C4CF3E62CEC680400515453 /* KakaoSDK in Frameworks */,
				3C4CF3EA2CEC680400515453 /* KakaoSDKCert in Frameworks */,
				3C4CF3E82CEC680400515453 /* KakaoSDKAuth in Frameworks */,
				3C4CF3EC2CEC680400515453 /* KakaoSDKCertCore in Frameworks */,
				3C6AA5B22CF27B10000A4D49 /* Lottie in Frameworks */,
			);
			runOnlyForDeploymentPostprocessing = 0;
		};
/* End PBXFrameworksBuildPhase section */

/* Begin PBXGroup section */
		3C4CF3D42CEC3D9500515453 /* Network */ = {
			isa = PBXGroup;
			children = (
				3C4CF3D52CEC3DAE00515453 /* Config.swift */,
				3CC9868A2CF2070200B40D78 /* BaseResponse.swift */,
			);
			path = Network;
			sourceTree = "<group>";
		};
		3C4CF3F42CECA55D00515453 /* Home */ = {
			isa = PBXGroup;
			children = (
				3C4CF3F52CECA56E00515453 /* HomeView.swift */,
				3C4CF4052CED990D00515453 /* SubViews */,
			);
			path = Home;
			sourceTree = "<group>";
		};
		3C4CF3F72CECA59F00515453 /* OrderHistory */ = {
			isa = PBXGroup;
			children = (
				3C4CF3F82CECA5B300515453 /* OrderHistoryView.swift */,
				3CC986792CF1B9C800B40D78 /* OrderHistoryListView.swift */,
				3CF18CF52CEEEFBF006A0AAA /* SubViews */,
			);
			path = OrderHistory;
			sourceTree = "<group>";
		};
		3C4CF3FA2CECA5B600515453 /* JangbuManage */ = {
			isa = PBXGroup;
			children = (
				3C4CF3FB2CECA5E700515453 /* JangbuManageView.swift */,
				3CC986842CF1F08E00B40D78 /* JangbuGroupListView.swift */,
				3CC986882CF1F7BA00B40D78 /* JangbuGroupDetailView.swift */,
				3CC986862CF1F09D00B40D78 /* JangbuHistoryListView.swift */,
				3CC9867D2CF1CAEC00B40D78 /* SubViews */,
			);
			path = JangbuManage;
			sourceTree = "<group>";
		};
		3C4CF3FD2CECA5EA00515453 /* Reservation */ = {
			isa = PBXGroup;
			children = (
				3C4CF3FE2CECA60D00515453 /* ReservationView.swift */,
			);
			path = Reservation;
			sourceTree = "<group>";
		};
		3C4CF4002CECA61300515453 /* MyInfo */ = {
			isa = PBXGroup;
			children = (
				3C4CF4012CECA63400515453 /* MyInfoView.swift */,
			);
			path = MyInfo;
			sourceTree = "<group>";
		};
		3C4CF4052CED990D00515453 /* SubViews */ = {
			isa = PBXGroup;
			children = (
				3C4CF4062CED992600515453 /* HomeTodayOrderHistoryView.swift */,
				3C4CF40A2CEDA18000515453 /* NowReservationView.swift */,
			);
			path = SubViews;
			sourceTree = "<group>";
		};
		3C6AA5B32CF27C3E000A4D49 /* Lotties */ = {
			isa = PBXGroup;
			children = (
				3C6AA5B62CF27CCC000A4D49 /* Coin animation.json */,
				3C6AA5B82CF27DAE000A4D49 /* Login ani 1.json */,
			);
			path = Lotties;
			sourceTree = "<group>";
		};
		3C9F9DF62CEADAC400ED539E /* SubViews */ = {
			isa = PBXGroup;
			children = (
				3C9F9DF72CEADAD800ED539E /* MenuItemView.swift */,
				3C9F9DF92CEADAEC00ED539E /* MenuRegisterView.swift */,
			);
			path = SubViews;
			sourceTree = "<group>";
		};
		3CA748F32CEA48F100ACDFEF = {
			isa = PBXGroup;
			children = (
				3C4CF3D32CEC3AD700515453 /* Config.xcconfig */,
				3CA748FE2CEA48F100ACDFEF /* JangbuRich */,
				3CA748FD2CEA48F100ACDFEF /* Products */,
			);
			sourceTree = "<group>";
		};
		3CA748FD2CEA48F100ACDFEF /* Products */ = {
			isa = PBXGroup;
			children = (
				3CA748FC2CEA48F100ACDFEF /* JangbuRich.app */,
			);
			name = Products;
			sourceTree = "<group>";
		};
		3CA748FE2CEA48F100ACDFEF /* JangbuRich */ = {
			isa = PBXGroup;
			children = (
				3CA749132CEA4CDB00ACDFEF /* Info.plist */,
				3CA748FF2CEA48F100ACDFEF /* JangbuRichApp.swift */,
				3CA749102CEA4C2900ACDFEF /* Global */,
				3C4CF3D42CEC3D9500515453 /* Network */,
				3CA7490F2CEA4C2500ACDFEF /* Model */,
				3CA7490E2CEA4C1E00ACDFEF /* Store */,
				3CA7490D2CEA4C1600ACDFEF /* View */,
				3CA749052CEA48F400ACDFEF /* Preview Content */,
			);
			path = JangbuRich;
			sourceTree = "<group>";
		};
		3CA749052CEA48F400ACDFEF /* Preview Content */ = {
			isa = PBXGroup;
			children = (
				3CA749062CEA48F400ACDFEF /* Preview Assets.xcassets */,
			);
			path = "Preview Content";
			sourceTree = "<group>";
		};
		3CA7490D2CEA4C1600ACDFEF /* View */ = {
			isa = PBXGroup;
			children = (
				3CA749272CEA529C00ACDFEF /* LaunchView.swift */,
				3CA749292CEA52CB00ACDFEF /* LoginView.swift */,
				3C4CF3F22CECA4EC00515453 /* MainTapView.swift */,
				3CA749332CEACF1C00ACDFEF /* Onboarding */,
				3C4CF3F42CECA55D00515453 /* Home */,
				3C4CF3F72CECA59F00515453 /* OrderHistory */,
				3C4CF3FA2CECA5B600515453 /* JangbuManage */,
				3C4CF3FD2CECA5EA00515453 /* Reservation */,
				3C4CF4002CECA61300515453 /* MyInfo */,
				3CA749302CEA6CB900ACDFEF /* Commons */,
			);
			path = View;
			sourceTree = "<group>";
		};
		3CA7490E2CEA4C1E00ACDFEF /* Store */ = {
			isa = PBXGroup;
			children = (
				3C4CF3DC2CEC647E00515453 /* KeyChainStore.swift */,
				3C4CF3D72CEC634000515453 /* AuthStore.swift */,
				3CC9868E2CF2404000B40D78 /* TodayOrderStore.swift */,
				3CC986922CF2662800B40D78 /* JangbuStore.swift */,
				3C6AA5BC2CF280B2000A4D49 /* MyInfoStore.swift */,
			);
			path = Store;
			sourceTree = "<group>";
		};
		3CA7490F2CEA4C2500ACDFEF /* Model */ = {
			isa = PBXGroup;
			children = (
				3C4CF3E32CEC65C900515453 /* Auth.swift */,
				3CC9868C2CF23FC700B40D78 /* TodayOrder.swift */,
				3CC986802CF1E07700B40D78 /* Jangbu.swift */,
				3C9F9DF42CEADA3D00ED539E /* MenuItem.swift */,
				3C4CF4082CED9F9900515453 /* Reservation.swift */,
				3C6AA5BA2CF2800F000A4D49 /* MyInfo.swift */,
			);
			path = Model;
			sourceTree = "<group>";
		};
		3CA749102CEA4C2900ACDFEF /* Global */ = {
			isa = PBXGroup;
			children = (
				3CA7492B2CEA6C3F00ACDFEF /* Manager */,
				3CA749122CEA4C4500ACDFEF /* Resource */,
				3CA749112CEA4C3300ACDFEF /* Extension */,
			);
			path = Global;
			sourceTree = "<group>";
		};
		3CA749112CEA4C3300ACDFEF /* Extension */ = {
			isa = PBXGroup;
			children = (
				3CA749212CEA4DBF00ACDFEF /* Font+.swift */,
				3CA749232CEA4F2D00ACDFEF /* Color+.swift */,
				3CA749252CEA4F5500ACDFEF /* ShapeStyle+.swift */,
				3CA7492E2CEA6CA300ACDFEF /* View+.swift */,
			);
			path = Extension;
			sourceTree = "<group>";
		};
		3CA749122CEA4C4500ACDFEF /* Resource */ = {
			isa = PBXGroup;
			children = (
				3CA749032CEA48F400ACDFEF /* Assets.xcassets */,
				3C6AA5B32CF27C3E000A4D49 /* Lotties */,
				3CA7491A2CEA4D7200ACDFEF /* Pretendard */,
			);
			path = Resource;
			sourceTree = "<group>";
		};
		3CA7491A2CEA4D7200ACDFEF /* Pretendard */ = {
			isa = PBXGroup;
			children = (
				3CA749142CEA4D7200ACDFEF /* Pretendard-Bold.otf */,
				3CA749152CEA4D7200ACDFEF /* Pretendard-Light.otf */,
				3CA749162CEA4D7200ACDFEF /* Pretendard-Medium.otf */,
				3CA749172CEA4D7200ACDFEF /* Pretendard-Regular.otf */,
				3CA749182CEA4D7200ACDFEF /* Pretendard-SemiBold.otf */,
				3CA749192CEA4D7200ACDFEF /* Pretendard-Thin.otf */,
			);
			path = Pretendard;
			sourceTree = "<group>";
		};
		3CA7492B2CEA6C3F00ACDFEF /* Manager */ = {
			isa = PBXGroup;
			children = (
				3CC986772CF1A47B00B40D78 /* OverlayManager.swift */,
			);
			path = Manager;
			sourceTree = "<group>";
		};
		3CA749302CEA6CB900ACDFEF /* Commons */ = {
			isa = PBXGroup;
			children = (
				3CA749312CEA6CCB00ACDFEF /* JBackButton.swift */,
				3C9F9DE22CEAD71000ED539E /* JTextField.swift */,
				3C4CF3D02CEBCD9B00515453 /* JLeftTextField.swift */,
				3C9F9DE42CEAD72D00ED539E /* JNavigationButton.swift */,
				3C9F9DE82CEAD8A200ED539E /* JAgreementRowView.swift */,
				3C9F9DEE2CEAD90D00ED539E /* JImagePicker.swift */,
				3C9F9DF02CEAD92700ED539E /* JTagButton.swift */,
				3C9F9DF22CEAD95100ED539E /* JDayButton.swift */,
				3C9F9DFB2CEADC9500ED539E /* JPopupView.swift */,
				3C1F4C122CF76F60003B5962 /* JKFImage.swift */,
				3CC986972CF27A7B00B40D78 /* LottieView.swift */,
			);
			path = Commons;
			sourceTree = "<group>";
		};
		3CA749332CEACF1C00ACDFEF /* Onboarding */ = {
			isa = PBXGroup;
			children = (
				3CA749342CEACF6D00ACDFEF /* OnboardingFirstView.swift */,
				3C9F9DE62CEAD87A00ED539E /* OnboardingSecondView.swift */,
				3C9F9DEA2CEAD8B900ED539E /* OnboardingThirdView.swift */,
				3C9F9DEC2CEAD8D300ED539E /* OnboardingFourthView.swift */,
				3C4CF3CE2CEBCC2500515453 /* OnboardingFifthView.swift */,
				3C9F9DF62CEADAC400ED539E /* SubViews */,
			);
			path = Onboarding;
			sourceTree = "<group>";
		};
		3CC9867D2CF1CAEC00B40D78 /* SubViews */ = {
			isa = PBXGroup;
			children = (
				3CC9867E2CF1CC2500B40D78 /* JangbuGroupView.swift */,
				3CC986822CF1E29500B40D78 /* JangbuHistoryView.swift */,
				3C1F4C102CF732CA003B5962 /* JangbuDetailHistoryView.swift */,
			);
			path = SubViews;
			sourceTree = "<group>";
		};
		3CF18CF52CEEEFBF006A0AAA /* SubViews */ = {
			isa = PBXGroup;
			children = (
				3CF18CF62CEEF015006A0AAA /* TodayOrderDetailView.swift */,
				3CC986902CF2620700B40D78 /* PastOrderDetailView.swift */,
				3CF18CF82CEEF45C006A0AAA /* OrderDetailPopupView.swift */,
			);
			path = SubViews;
			sourceTree = "<group>";
		};
/* End PBXGroup section */

/* Begin PBXNativeTarget section */
		3CA748FB2CEA48F100ACDFEF /* JangbuRich */ = {
			isa = PBXNativeTarget;
			buildConfigurationList = 3CA7490A2CEA48F400ACDFEF /* Build configuration list for PBXNativeTarget "JangbuRich" */;
			buildPhases = (
				3CA748F82CEA48F100ACDFEF /* Sources */,
				3CA748F92CEA48F100ACDFEF /* Frameworks */,
				3CA748FA2CEA48F100ACDFEF /* Resources */,
			);
			buildRules = (
			);
			dependencies = (
			);
			name = JangbuRich;
			packageProductDependencies = (
				3C4CF3DA2CEC644E00515453 /* SwiftKeychainWrapper */,
				3C4CF3E52CEC680400515453 /* KakaoSDK */,
				3C4CF3E72CEC680400515453 /* KakaoSDKAuth */,
				3C4CF3E92CEC680400515453 /* KakaoSDKCert */,
				3C4CF3EB2CEC680400515453 /* KakaoSDKCertCore */,
				3C4CF3ED2CEC680400515453 /* KakaoSDKCommon */,
				3C4CF3F02CEC686F00515453 /* Alamofire */,
				3C6AA5B12CF27B10000A4D49 /* Lottie */,
				3C1F4C152CF76F7D003B5962 /* Kingfisher */,
			);
			productName = JangbuRich;
			productReference = 3CA748FC2CEA48F100ACDFEF /* JangbuRich.app */;
			productType = "com.apple.product-type.application";
		};
/* End PBXNativeTarget section */

/* Begin PBXProject section */
		3CA748F42CEA48F100ACDFEF /* Project object */ = {
			isa = PBXProject;
			attributes = {
				BuildIndependentTargetsInParallel = 1;
				LastSwiftUpdateCheck = 1530;
				LastUpgradeCheck = 1530;
				TargetAttributes = {
					3CA748FB2CEA48F100ACDFEF = {
						CreatedOnToolsVersion = 15.3;
					};
				};
			};
			buildConfigurationList = 3CA748F72CEA48F100ACDFEF /* Build configuration list for PBXProject "JangbuRich" */;
			compatibilityVersion = "Xcode 14.0";
			developmentRegion = en;
			hasScannedForEncodings = 0;
			knownRegions = (
				en,
				Base,
			);
			mainGroup = 3CA748F32CEA48F100ACDFEF;
			packageReferences = (
				3C4CF3D22CEC39B200515453 /* XCRemoteSwiftPackageReference "kakao-ios-sdk" */,
				3C4CF3D92CEC644E00515453 /* XCRemoteSwiftPackageReference "SwiftKeychainWrapper" */,
				3C4CF3EF2CEC686F00515453 /* XCRemoteSwiftPackageReference "Alamofire" */,
				3C6AA5B02CF27B10000A4D49 /* XCRemoteSwiftPackageReference "lottie-ios" */,
				3C1F4C142CF76F7D003B5962 /* XCRemoteSwiftPackageReference "Kingfisher" */,
			);
			productRefGroup = 3CA748FD2CEA48F100ACDFEF /* Products */;
			projectDirPath = "";
			projectRoot = "";
			targets = (
				3CA748FB2CEA48F100ACDFEF /* JangbuRich */,
			);
		};
/* End PBXProject section */

/* Begin PBXResourcesBuildPhase section */
		3CA748FA2CEA48F100ACDFEF /* Resources */ = {
			isa = PBXResourcesBuildPhase;
			buildActionMask = 2147483647;
			files = (
				3CA749072CEA48F400ACDFEF /* Preview Assets.xcassets in Resources */,
				3CA7491E2CEA4D7200ACDFEF /* Pretendard-Regular.otf in Resources */,
				3CA7491F2CEA4D7200ACDFEF /* Pretendard-SemiBold.otf in Resources */,
				3CA749202CEA4D7200ACDFEF /* Pretendard-Thin.otf in Resources */,
				3C6AA5B72CF27CCC000A4D49 /* Coin animation.json in Resources */,
				3CA7491D2CEA4D7200ACDFEF /* Pretendard-Medium.otf in Resources */,
				3CA7491C2CEA4D7200ACDFEF /* Pretendard-Light.otf in Resources */,
				3CA7491B2CEA4D7200ACDFEF /* Pretendard-Bold.otf in Resources */,
				3C6AA5B92CF27DAE000A4D49 /* Login ani 1.json in Resources */,
				3CA749042CEA48F400ACDFEF /* Assets.xcassets in Resources */,
			);
			runOnlyForDeploymentPostprocessing = 0;
		};
/* End PBXResourcesBuildPhase section */

/* Begin PBXSourcesBuildPhase section */
		3CA748F82CEA48F100ACDFEF /* Sources */ = {
			isa = PBXSourcesBuildPhase;
			buildActionMask = 2147483647;
			files = (
				3C9F9DE52CEAD72D00ED539E /* JNavigationButton.swift in Sources */,
				3C6AA5BB2CF2800F000A4D49 /* MyInfo.swift in Sources */,
				3C9F9DF12CEAD92700ED539E /* JTagButton.swift in Sources */,
				3CC9868F2CF2404000B40D78 /* TodayOrderStore.swift in Sources */,
				3C4CF4092CED9F9900515453 /* Reservation.swift in Sources */,
				3C4CF3D12CEBCD9B00515453 /* JLeftTextField.swift in Sources */,
				3C9F9DE72CEAD87A00ED539E /* OnboardingSecondView.swift in Sources */,
				3C4CF3CF2CEBCC2500515453 /* OnboardingFifthView.swift in Sources */,
				3CC986912CF2620700B40D78 /* PastOrderDetailView.swift in Sources */,
				3CC986872CF1F09D00B40D78 /* JangbuHistoryListView.swift in Sources */,
				3CC986982CF27A7B00B40D78 /* LottieView.swift in Sources */,
				3CA749352CEACF6D00ACDFEF /* OnboardingFirstView.swift in Sources */,
				3C4CF4072CED992600515453 /* HomeTodayOrderHistoryView.swift in Sources */,
				3C9F9DF82CEADAD800ED539E /* MenuItemView.swift in Sources */,
				3C4CF4022CECA63400515453 /* MyInfoView.swift in Sources */,
				3C4CF3FF2CECA60D00515453 /* ReservationView.swift in Sources */,
				3CA7492A2CEA52CB00ACDFEF /* LoginView.swift in Sources */,
				3CA749322CEA6CCB00ACDFEF /* JBackButton.swift in Sources */,
				3C9F9DEF2CEAD90D00ED539E /* JImagePicker.swift in Sources */,
				3CA749262CEA4F5500ACDFEF /* ShapeStyle+.swift in Sources */,
				3C4CF3F32CECA4EC00515453 /* MainTapView.swift in Sources */,
				3CA749282CEA529C00ACDFEF /* LaunchView.swift in Sources */,
				3C4CF3FC2CECA5E700515453 /* JangbuManageView.swift in Sources */,
				3CC986812CF1E07700B40D78 /* Jangbu.swift in Sources */,
				3C4CF3E42CEC65C900515453 /* Auth.swift in Sources */,
				3CC986932CF2662800B40D78 /* JangbuStore.swift in Sources */,
				3C9F9DFC2CEADC9500ED539E /* JPopupView.swift in Sources */,
				3CC986782CF1A47B00B40D78 /* OverlayManager.swift in Sources */,
				3C9F9DFA2CEADAEC00ED539E /* MenuRegisterView.swift in Sources */,
				3C4CF3F62CECA56E00515453 /* HomeView.swift in Sources */,
				3C9F9DF52CEADA3D00ED539E /* MenuItem.swift in Sources */,
				3C1F4C112CF732CA003B5962 /* JangbuDetailHistoryView.swift in Sources */,
				3CF18CF92CEEF45C006A0AAA /* OrderDetailPopupView.swift in Sources */,
				3CC986892CF1F7BA00B40D78 /* JangbuGroupDetailView.swift in Sources */,
				3CA749222CEA4DBF00ACDFEF /* Font+.swift in Sources */,
				3C4CF3D82CEC634000515453 /* AuthStore.swift in Sources */,
				3CA7492F2CEA6CA300ACDFEF /* View+.swift in Sources */,
				3C9F9DE32CEAD71000ED539E /* JTextField.swift in Sources */,
				3CC9868D2CF23FC700B40D78 /* TodayOrder.swift in Sources */,
				3CC9867A2CF1B9C800B40D78 /* OrderHistoryListView.swift in Sources */,
				3C4CF3DD2CEC647E00515453 /* KeyChainStore.swift in Sources */,
				3CA749242CEA4F2D00ACDFEF /* Color+.swift in Sources */,
				3C4CF3D62CEC3DAE00515453 /* Config.swift in Sources */,
				3C9F9DED2CEAD8D300ED539E /* OnboardingFourthView.swift in Sources */,
				3C4CF3F92CECA5B300515453 /* OrderHistoryView.swift in Sources */,
				3CA749002CEA48F100ACDFEF /* JangbuRichApp.swift in Sources */,
				3C9F9DE92CEAD8A200ED539E /* JAgreementRowView.swift in Sources */,
				3CC9868B2CF2070200B40D78 /* BaseResponse.swift in Sources */,
				3C1F4C132CF76F60003B5962 /* JKFImage.swift in Sources */,
				3C9F9DF32CEAD95100ED539E /* JDayButton.swift in Sources */,
				3C6AA5BD2CF280B2000A4D49 /* MyInfoStore.swift in Sources */,
				3C4CF40B2CEDA18000515453 /* NowReservationView.swift in Sources */,
				3C9F9DEB2CEAD8B900ED539E /* OnboardingThirdView.swift in Sources */,
				3CC986832CF1E29500B40D78 /* JangbuHistoryView.swift in Sources */,
				3CC986852CF1F08E00B40D78 /* JangbuGroupListView.swift in Sources */,
				3CC9867F2CF1CC2500B40D78 /* JangbuGroupView.swift in Sources */,
				3CF18CF72CEEF015006A0AAA /* TodayOrderDetailView.swift in Sources */,
			);
			runOnlyForDeploymentPostprocessing = 0;
		};
/* End PBXSourcesBuildPhase section */

/* Begin XCBuildConfiguration section */
		3CA749082CEA48F400ACDFEF /* Debug */ = {
			isa = XCBuildConfiguration;
			baseConfigurationReference = 3C4CF3D32CEC3AD700515453 /* Config.xcconfig */;
			buildSettings = {
				ALWAYS_SEARCH_USER_PATHS = NO;
				ASSETCATALOG_COMPILER_GENERATE_SWIFT_ASSET_SYMBOL_EXTENSIONS = YES;
				CLANG_ANALYZER_NONNULL = YES;
				CLANG_ANALYZER_NUMBER_OBJECT_CONVERSION = YES_AGGRESSIVE;
				CLANG_CXX_LANGUAGE_STANDARD = "gnu++20";
				CLANG_ENABLE_MODULES = YES;
				CLANG_ENABLE_OBJC_ARC = YES;
				CLANG_ENABLE_OBJC_WEAK = YES;
				CLANG_WARN_BLOCK_CAPTURE_AUTORELEASING = YES;
				CLANG_WARN_BOOL_CONVERSION = YES;
				CLANG_WARN_COMMA = YES;
				CLANG_WARN_CONSTANT_CONVERSION = YES;
				CLANG_WARN_DEPRECATED_OBJC_IMPLEMENTATIONS = YES;
				CLANG_WARN_DIRECT_OBJC_ISA_USAGE = YES_ERROR;
				CLANG_WARN_DOCUMENTATION_COMMENTS = YES;
				CLANG_WARN_EMPTY_BODY = YES;
				CLANG_WARN_ENUM_CONVERSION = YES;
				CLANG_WARN_INFINITE_RECURSION = YES;
				CLANG_WARN_INT_CONVERSION = YES;
				CLANG_WARN_NON_LITERAL_NULL_CONVERSION = YES;
				CLANG_WARN_OBJC_IMPLICIT_RETAIN_SELF = YES;
				CLANG_WARN_OBJC_LITERAL_CONVERSION = YES;
				CLANG_WARN_OBJC_ROOT_CLASS = YES_ERROR;
				CLANG_WARN_QUOTED_INCLUDE_IN_FRAMEWORK_HEADER = YES;
				CLANG_WARN_RANGE_LOOP_ANALYSIS = YES;
				CLANG_WARN_STRICT_PROTOTYPES = YES;
				CLANG_WARN_SUSPICIOUS_MOVE = YES;
				CLANG_WARN_UNGUARDED_AVAILABILITY = YES_AGGRESSIVE;
				CLANG_WARN_UNREACHABLE_CODE = YES;
				CLANG_WARN__DUPLICATE_METHOD_MATCH = YES;
				COPY_PHASE_STRIP = NO;
				DEBUG_INFORMATION_FORMAT = dwarf;
				ENABLE_STRICT_OBJC_MSGSEND = YES;
				ENABLE_TESTABILITY = YES;
				ENABLE_USER_SCRIPT_SANDBOXING = YES;
				GCC_C_LANGUAGE_STANDARD = gnu17;
				GCC_DYNAMIC_NO_PIC = NO;
				GCC_NO_COMMON_BLOCKS = YES;
				GCC_OPTIMIZATION_LEVEL = 0;
				GCC_PREPROCESSOR_DEFINITIONS = (
					"DEBUG=1",
					"$(inherited)",
				);
				GCC_WARN_64_TO_32_BIT_CONVERSION = YES;
				GCC_WARN_ABOUT_RETURN_TYPE = YES_ERROR;
				GCC_WARN_UNDECLARED_SELECTOR = YES;
				GCC_WARN_UNINITIALIZED_AUTOS = YES_AGGRESSIVE;
				GCC_WARN_UNUSED_FUNCTION = YES;
				GCC_WARN_UNUSED_VARIABLE = YES;
				IPHONEOS_DEPLOYMENT_TARGET = 17.4;
				LOCALIZATION_PREFERS_STRING_CATALOGS = YES;
				MTL_ENABLE_DEBUG_INFO = INCLUDE_SOURCE;
				MTL_FAST_MATH = YES;
				ONLY_ACTIVE_ARCH = YES;
				SDKROOT = iphoneos;
				SWIFT_ACTIVE_COMPILATION_CONDITIONS = "DEBUG $(inherited)";
				SWIFT_OPTIMIZATION_LEVEL = "-Onone";
			};
			name = Debug;
		};
		3CA749092CEA48F400ACDFEF /* Release */ = {
			isa = XCBuildConfiguration;
			baseConfigurationReference = 3C4CF3D32CEC3AD700515453 /* Config.xcconfig */;
			buildSettings = {
				ALWAYS_SEARCH_USER_PATHS = NO;
				ASSETCATALOG_COMPILER_GENERATE_SWIFT_ASSET_SYMBOL_EXTENSIONS = YES;
				CLANG_ANALYZER_NONNULL = YES;
				CLANG_ANALYZER_NUMBER_OBJECT_CONVERSION = YES_AGGRESSIVE;
				CLANG_CXX_LANGUAGE_STANDARD = "gnu++20";
				CLANG_ENABLE_MODULES = YES;
				CLANG_ENABLE_OBJC_ARC = YES;
				CLANG_ENABLE_OBJC_WEAK = YES;
				CLANG_WARN_BLOCK_CAPTURE_AUTORELEASING = YES;
				CLANG_WARN_BOOL_CONVERSION = YES;
				CLANG_WARN_COMMA = YES;
				CLANG_WARN_CONSTANT_CONVERSION = YES;
				CLANG_WARN_DEPRECATED_OBJC_IMPLEMENTATIONS = YES;
				CLANG_WARN_DIRECT_OBJC_ISA_USAGE = YES_ERROR;
				CLANG_WARN_DOCUMENTATION_COMMENTS = YES;
				CLANG_WARN_EMPTY_BODY = YES;
				CLANG_WARN_ENUM_CONVERSION = YES;
				CLANG_WARN_INFINITE_RECURSION = YES;
				CLANG_WARN_INT_CONVERSION = YES;
				CLANG_WARN_NON_LITERAL_NULL_CONVERSION = YES;
				CLANG_WARN_OBJC_IMPLICIT_RETAIN_SELF = YES;
				CLANG_WARN_OBJC_LITERAL_CONVERSION = YES;
				CLANG_WARN_OBJC_ROOT_CLASS = YES_ERROR;
				CLANG_WARN_QUOTED_INCLUDE_IN_FRAMEWORK_HEADER = YES;
				CLANG_WARN_RANGE_LOOP_ANALYSIS = YES;
				CLANG_WARN_STRICT_PROTOTYPES = YES;
				CLANG_WARN_SUSPICIOUS_MOVE = YES;
				CLANG_WARN_UNGUARDED_AVAILABILITY = YES_AGGRESSIVE;
				CLANG_WARN_UNREACHABLE_CODE = YES;
				CLANG_WARN__DUPLICATE_METHOD_MATCH = YES;
				COPY_PHASE_STRIP = NO;
				DEBUG_INFORMATION_FORMAT = "dwarf-with-dsym";
				ENABLE_NS_ASSERTIONS = NO;
				ENABLE_STRICT_OBJC_MSGSEND = YES;
				ENABLE_USER_SCRIPT_SANDBOXING = YES;
				GCC_C_LANGUAGE_STANDARD = gnu17;
				GCC_NO_COMMON_BLOCKS = YES;
				GCC_WARN_64_TO_32_BIT_CONVERSION = YES;
				GCC_WARN_ABOUT_RETURN_TYPE = YES_ERROR;
				GCC_WARN_UNDECLARED_SELECTOR = YES;
				GCC_WARN_UNINITIALIZED_AUTOS = YES_AGGRESSIVE;
				GCC_WARN_UNUSED_FUNCTION = YES;
				GCC_WARN_UNUSED_VARIABLE = YES;
				IPHONEOS_DEPLOYMENT_TARGET = 17.4;
				LOCALIZATION_PREFERS_STRING_CATALOGS = YES;
				MTL_ENABLE_DEBUG_INFO = NO;
				MTL_FAST_MATH = YES;
				SDKROOT = iphoneos;
				SWIFT_COMPILATION_MODE = wholemodule;
				VALIDATE_PRODUCT = YES;
			};
			name = Release;
		};
		3CA7490B2CEA48F400ACDFEF /* Debug */ = {
			isa = XCBuildConfiguration;
			baseConfigurationReference = 3C4CF3D32CEC3AD700515453 /* Config.xcconfig */;
			buildSettings = {
				ASSETCATALOG_COMPILER_APPICON_NAME = AppIcon;
				ASSETCATALOG_COMPILER_GLOBAL_ACCENT_COLOR_NAME = AccentColor;
				CODE_SIGN_STYLE = Automatic;
				CURRENT_PROJECT_VERSION = 1;
				DEVELOPMENT_ASSET_PATHS = "\"JangbuRich/Preview Content\"";
				DEVELOPMENT_TEAM = MAZQ6JDBT4;
				ENABLE_PREVIEWS = YES;
				GENERATE_INFOPLIST_FILE = YES;
				INFOPLIST_FILE = JangbuRich/Info.plist;
				INFOPLIST_KEY_CFBundleDisplayName = "장부리치";
				INFOPLIST_KEY_LSApplicationCategoryType = "public.app-category.food-and-drink";
				INFOPLIST_KEY_UIApplicationSceneManifest_Generation = YES;
				INFOPLIST_KEY_UIApplicationSupportsIndirectInputEvents = YES;
				INFOPLIST_KEY_UILaunchScreen_Generation = YES;
				INFOPLIST_KEY_UISupportedInterfaceOrientations = UIInterfaceOrientationPortrait;
				INFOPLIST_KEY_UIUserInterfaceStyle = Light;
				IPHONEOS_DEPLOYMENT_TARGET = 17.0;
				LD_RUNPATH_SEARCH_PATHS = (
					"$(inherited)",
					"@executable_path/Frameworks",
				);
				MARKETING_VERSION = 1.0.0;
				PRODUCT_BUNDLE_IDENTIFIER = com.boogios.JangbuRich;
				PRODUCT_NAME = "$(TARGET_NAME)";
				SUPPORTED_PLATFORMS = "iphoneos iphonesimulator";
				SUPPORTS_MACCATALYST = NO;
				SUPPORTS_MAC_DESIGNED_FOR_IPHONE_IPAD = NO;
				SUPPORTS_XR_DESIGNED_FOR_IPHONE_IPAD = NO;
				SWIFT_EMIT_LOC_STRINGS = YES;
				SWIFT_VERSION = 5.0;
				TARGETED_DEVICE_FAMILY = "1,2";
			};
			name = Debug;
		};
		3CA7490C2CEA48F400ACDFEF /* Release */ = {
			isa = XCBuildConfiguration;
			baseConfigurationReference = 3C4CF3D32CEC3AD700515453 /* Config.xcconfig */;
			buildSettings = {
				ASSETCATALOG_COMPILER_APPICON_NAME = AppIcon;
				ASSETCATALOG_COMPILER_GLOBAL_ACCENT_COLOR_NAME = AccentColor;
				CODE_SIGN_STYLE = Automatic;
				CURRENT_PROJECT_VERSION = 1;
				DEVELOPMENT_ASSET_PATHS = "\"JangbuRich/Preview Content\"";
				DEVELOPMENT_TEAM = MAZQ6JDBT4;
				ENABLE_PREVIEWS = YES;
				GENERATE_INFOPLIST_FILE = YES;
				INFOPLIST_FILE = JangbuRich/Info.plist;
				INFOPLIST_KEY_CFBundleDisplayName = "장부리치";
				INFOPLIST_KEY_LSApplicationCategoryType = "public.app-category.food-and-drink";
				INFOPLIST_KEY_UIApplicationSceneManifest_Generation = YES;
				INFOPLIST_KEY_UIApplicationSupportsIndirectInputEvents = YES;
				INFOPLIST_KEY_UILaunchScreen_Generation = YES;
				INFOPLIST_KEY_UISupportedInterfaceOrientations = UIInterfaceOrientationPortrait;
				INFOPLIST_KEY_UIUserInterfaceStyle = Light;
				IPHONEOS_DEPLOYMENT_TARGET = 17.0;
				LD_RUNPATH_SEARCH_PATHS = (
					"$(inherited)",
					"@executable_path/Frameworks",
				);
				MARKETING_VERSION = 1.0.0;
				PRODUCT_BUNDLE_IDENTIFIER = com.boogios.JangbuRich;
				PRODUCT_NAME = "$(TARGET_NAME)";
				SUPPORTED_PLATFORMS = "iphoneos iphonesimulator";
				SUPPORTS_MACCATALYST = NO;
				SUPPORTS_MAC_DESIGNED_FOR_IPHONE_IPAD = NO;
				SUPPORTS_XR_DESIGNED_FOR_IPHONE_IPAD = NO;
				SWIFT_EMIT_LOC_STRINGS = YES;
				SWIFT_VERSION = 5.0;
				TARGETED_DEVICE_FAMILY = "1,2";
			};
			name = Release;
		};
/* End XCBuildConfiguration section */

/* Begin XCConfigurationList section */
		3CA748F72CEA48F100ACDFEF /* Build configuration list for PBXProject "JangbuRich" */ = {
			isa = XCConfigurationList;
			buildConfigurations = (
				3CA749082CEA48F400ACDFEF /* Debug */,
				3CA749092CEA48F400ACDFEF /* Release */,
			);
			defaultConfigurationIsVisible = 0;
			defaultConfigurationName = Release;
		};
		3CA7490A2CEA48F400ACDFEF /* Build configuration list for PBXNativeTarget "JangbuRich" */ = {
			isa = XCConfigurationList;
			buildConfigurations = (
				3CA7490B2CEA48F400ACDFEF /* Debug */,
				3CA7490C2CEA48F400ACDFEF /* Release */,
			);
			defaultConfigurationIsVisible = 0;
			defaultConfigurationName = Release;
		};
/* End XCConfigurationList section */

/* Begin XCRemoteSwiftPackageReference section */
		3C1F4C142CF76F7D003B5962 /* XCRemoteSwiftPackageReference "Kingfisher" */ = {
			isa = XCRemoteSwiftPackageReference;
			repositoryURL = "https://github.com/onevcat/Kingfisher.git";
			requirement = {
				kind = upToNextMajorVersion;
				minimumVersion = 8.1.1;
			};
		};
		3C4CF3D22CEC39B200515453 /* XCRemoteSwiftPackageReference "kakao-ios-sdk" */ = {
			isa = XCRemoteSwiftPackageReference;
			repositoryURL = "https://github.com/kakao/kakao-ios-sdk";
			requirement = {
				kind = upToNextMajorVersion;
				minimumVersion = 2.23.0;
			};
		};
		3C4CF3D92CEC644E00515453 /* XCRemoteSwiftPackageReference "SwiftKeychainWrapper" */ = {
			isa = XCRemoteSwiftPackageReference;
			repositoryURL = "https://github.com/jrendel/SwiftKeychainWrapper";
			requirement = {
				kind = upToNextMajorVersion;
				minimumVersion = 4.0.1;
			};
		};
		3C4CF3EF2CEC686F00515453 /* XCRemoteSwiftPackageReference "Alamofire" */ = {
			isa = XCRemoteSwiftPackageReference;
			repositoryURL = "https://github.com/Alamofire/Alamofire.git";
			requirement = {
				kind = upToNextMajorVersion;
				minimumVersion = 5.10.1;
			};
		};
		3C6AA5B02CF27B10000A4D49 /* XCRemoteSwiftPackageReference "lottie-ios" */ = {
			isa = XCRemoteSwiftPackageReference;
			repositoryURL = "https://github.com/airbnb/lottie-ios.git";
			requirement = {
				kind = upToNextMajorVersion;
				minimumVersion = 4.5.0;
			};
		};
/* End XCRemoteSwiftPackageReference section */

/* Begin XCSwiftPackageProductDependency section */
		3C1F4C152CF76F7D003B5962 /* Kingfisher */ = {
			isa = XCSwiftPackageProductDependency;
			package = 3C1F4C142CF76F7D003B5962 /* XCRemoteSwiftPackageReference "Kingfisher" */;
			productName = Kingfisher;
		};
		3C4CF3DA2CEC644E00515453 /* SwiftKeychainWrapper */ = {
			isa = XCSwiftPackageProductDependency;
			package = 3C4CF3D92CEC644E00515453 /* XCRemoteSwiftPackageReference "SwiftKeychainWrapper" */;
			productName = SwiftKeychainWrapper;
		};
		3C4CF3E52CEC680400515453 /* KakaoSDK */ = {
			isa = XCSwiftPackageProductDependency;
			package = 3C4CF3D22CEC39B200515453 /* XCRemoteSwiftPackageReference "kakao-ios-sdk" */;
			productName = KakaoSDK;
		};
		3C4CF3E72CEC680400515453 /* KakaoSDKAuth */ = {
			isa = XCSwiftPackageProductDependency;
			package = 3C4CF3D22CEC39B200515453 /* XCRemoteSwiftPackageReference "kakao-ios-sdk" */;
			productName = KakaoSDKAuth;
		};
		3C4CF3E92CEC680400515453 /* KakaoSDKCert */ = {
			isa = XCSwiftPackageProductDependency;
			package = 3C4CF3D22CEC39B200515453 /* XCRemoteSwiftPackageReference "kakao-ios-sdk" */;
			productName = KakaoSDKCert;
		};
		3C4CF3EB2CEC680400515453 /* KakaoSDKCertCore */ = {
			isa = XCSwiftPackageProductDependency;
			package = 3C4CF3D22CEC39B200515453 /* XCRemoteSwiftPackageReference "kakao-ios-sdk" */;
			productName = KakaoSDKCertCore;
		};
		3C4CF3ED2CEC680400515453 /* KakaoSDKCommon */ = {
			isa = XCSwiftPackageProductDependency;
			package = 3C4CF3D22CEC39B200515453 /* XCRemoteSwiftPackageReference "kakao-ios-sdk" */;
			productName = KakaoSDKCommon;
		};
		3C4CF3F02CEC686F00515453 /* Alamofire */ = {
			isa = XCSwiftPackageProductDependency;
			package = 3C4CF3EF2CEC686F00515453 /* XCRemoteSwiftPackageReference "Alamofire" */;
			productName = Alamofire;
		};
		3C6AA5B12CF27B10000A4D49 /* Lottie */ = {
			isa = XCSwiftPackageProductDependency;
			package = 3C6AA5B02CF27B10000A4D49 /* XCRemoteSwiftPackageReference "lottie-ios" */;
			productName = Lottie;
		};
/* End XCSwiftPackageProductDependency section */
	};
	rootObject = 3CA748F42CEA48F100ACDFEF /* Project object */;
}
