// !$*UTF8*$!
{
	archiveVersion = 1;
	classes = {
	};
	objectVersion = 56;
	objects = {

/* Begin PBXBuildFile section */
		3CA749002CEA48F100ACDFEF /* JangbuRichApp.swift in Sources */ = {isa = PBXBuildFile; fileRef = 3CA748FF2CEA48F100ACDFEF /* JangbuRichApp.swift */; };
		3CA749042CEA48F400ACDFEF /* Assets.xcassets in Resources */ = {isa = PBXBuildFile; fileRef = 3CA749032CEA48F400ACDFEF /* Assets.xcassets */; };
		3CA749072CEA48F400ACDFEF /* Preview Assets.xcassets in Resources */ = {isa = PBXBuildFile; fileRef = 3CA749062CEA48F400ACDFEF /* Preview Assets.xcassets */; };
		3CA7491B2CEA4D7200ACDFEF /* Pretendard-Bold.otf in Resources */ = {isa = PBXBuildFile; fileRef = 3CA749142CEA4D7200ACDFEF /* Pretendard-Bold.otf */; };
		3CA7491C2CEA4D7200ACDFEF /* Pretendard-Light.otf in Resources */ = {isa = PBXBuildFile; fileRef = 3CA749152CEA4D7200ACDFEF /* Pretendard-Light.otf */; };
		3CA7491D2CEA4D7200ACDFEF /* Pretendard-Medium.otf in Resources */ = {isa = PBXBuildFile; fileRef = 3CA749162CEA4D7200ACDFEF /* Pretendard-Medium.otf */; };
		3CA7491E2CEA4D7200ACDFEF /* Pretendard-Regular.otf in Resources */ = {isa = PBXBuildFile; fileRef = 3CA749172CEA4D7200ACDFEF /* Pretendard-Regular.otf */; };
		3CA7491F2CEA4D7200ACDFEF /* Pretendard-SemiBold.otf in Resources */ = {isa = PBXBuildFile; fileRef = 3CA749182CEA4D7200ACDFEF /* Pretendard-SemiBold.otf */; };
		3CA749202CEA4D7200ACDFEF /* Pretendard-Thin.otf in Resources */ = {isa = PBXBuildFile; fileRef = 3CA749192CEA4D7200ACDFEF /* Pretendard-Thin.otf */; };
		3CA749222CEA4DBF00ACDFEF /* Font+.swift in Sources */ = {isa = PBXBuildFile; fileRef = 3CA749212CEA4DBF00ACDFEF /* Font+.swift */; };
		3CA749242CEA4F2D00ACDFEF /* Color+.swift in Sources */ = {isa = PBXBuildFile; fileRef = 3CA749232CEA4F2D00ACDFEF /* Color+.swift */; };
		3CA749262CEA4F5500ACDFEF /* ShapeStyle+.swift in Sources */ = {isa = PBXBuildFile; fileRef = 3CA749252CEA4F5500ACDFEF /* ShapeStyle+.swift */; };
		3CA749282CEA529C00ACDFEF /* LaunchView.swift in Sources */ = {isa = PBXBuildFile; fileRef = 3CA749272CEA529C00ACDFEF /* LaunchView.swift */; };
		3CA7492A2CEA52CB00ACDFEF /* LoginView.swift in Sources */ = {isa = PBXBuildFile; fileRef = 3CA749292CEA52CB00ACDFEF /* LoginView.swift */; };
/* End PBXBuildFile section */

/* Begin PBXFileReference section */
		3CA748FC2CEA48F100ACDFEF /* JangbuRich.app */ = {isa = PBXFileReference; explicitFileType = wrapper.application; includeInIndex = 0; path = JangbuRich.app; sourceTree = BUILT_PRODUCTS_DIR; };
		3CA748FF2CEA48F100ACDFEF /* JangbuRichApp.swift */ = {isa = PBXFileReference; lastKnownFileType = sourcecode.swift; path = JangbuRichApp.swift; sourceTree = "<group>"; };
		3CA749032CEA48F400ACDFEF /* Assets.xcassets */ = {isa = PBXFileReference; lastKnownFileType = folder.assetcatalog; path = Assets.xcassets; sourceTree = "<group>"; };
		3CA749062CEA48F400ACDFEF /* Preview Assets.xcassets */ = {isa = PBXFileReference; lastKnownFileType = folder.assetcatalog; path = "Preview Assets.xcassets"; sourceTree = "<group>"; };
		3CA749132CEA4CDB00ACDFEF /* Info.plist */ = {isa = PBXFileReference; lastKnownFileType = text.plist; path = Info.plist; sourceTree = "<group>"; };
		3CA749142CEA4D7200ACDFEF /* Pretendard-Bold.otf */ = {isa = PBXFileReference; lastKnownFileType = file; path = "Pretendard-Bold.otf"; sourceTree = "<group>"; };
		3CA749152CEA4D7200ACDFEF /* Pretendard-Light.otf */ = {isa = PBXFileReference; lastKnownFileType = file; path = "Pretendard-Light.otf"; sourceTree = "<group>"; };
		3CA749162CEA4D7200ACDFEF /* Pretendard-Medium.otf */ = {isa = PBXFileReference; lastKnownFileType = file; path = "Pretendard-Medium.otf"; sourceTree = "<group>"; };
		3CA749172CEA4D7200ACDFEF /* Pretendard-Regular.otf */ = {isa = PBXFileReference; lastKnownFileType = file; path = "Pretendard-Regular.otf"; sourceTree = "<group>"; };
		3CA749182CEA4D7200ACDFEF /* Pretendard-SemiBold.otf */ = {isa = PBXFileReference; lastKnownFileType = file; path = "Pretendard-SemiBold.otf"; sourceTree = "<group>"; };
		3CA749192CEA4D7200ACDFEF /* Pretendard-Thin.otf */ = {isa = PBXFileReference; lastKnownFileType = file; path = "Pretendard-Thin.otf"; sourceTree = "<group>"; };
		3CA749212CEA4DBF00ACDFEF /* Font+.swift */ = {isa = PBXFileReference; lastKnownFileType = sourcecode.swift; path = "Font+.swift"; sourceTree = "<group>"; };
		3CA749232CEA4F2D00ACDFEF /* Color+.swift */ = {isa = PBXFileReference; lastKnownFileType = sourcecode.swift; path = "Color+.swift"; sourceTree = "<group>"; };
		3CA749252CEA4F5500ACDFEF /* ShapeStyle+.swift */ = {isa = PBXFileReference; lastKnownFileType = sourcecode.swift; path = "ShapeStyle+.swift"; sourceTree = "<group>"; };
		3CA749272CEA529C00ACDFEF /* LaunchView.swift */ = {isa = PBXFileReference; lastKnownFileType = sourcecode.swift; path = LaunchView.swift; sourceTree = "<group>"; };
		3CA749292CEA52CB00ACDFEF /* LoginView.swift */ = {isa = PBXFileReference; lastKnownFileType = sourcecode.swift; path = LoginView.swift; sourceTree = "<group>"; };
/* End PBXFileReference section */

/* Begin PBXFrameworksBuildPhase section */
		3CA748F92CEA48F100ACDFEF /* Frameworks */ = {
			isa = PBXFrameworksBuildPhase;
			buildActionMask = 2147483647;
			files = (
			);
			runOnlyForDeploymentPostprocessing = 0;
		};
/* End PBXFrameworksBuildPhase section */

/* Begin PBXGroup section */
		3CA748F32CEA48F100ACDFEF = {
			isa = PBXGroup;
			children = (
				3CA748FE2CEA48F100ACDFEF /* JangbuRich */,
				3CA748FD2CEA48F100ACDFEF /* Products */,
			);
			sourceTree = "<group>";
		};
		3CA748FD2CEA48F100ACDFEF /* Products */ = {
			isa = PBXGroup;
			children = (
				3CA748FC2CEA48F100ACDFEF /* JangbuRich.app */,
			);
			name = Products;
			sourceTree = "<group>";
		};
		3CA748FE2CEA48F100ACDFEF /* JangbuRich */ = {
			isa = PBXGroup;
			children = (
				3CA749132CEA4CDB00ACDFEF /* Info.plist */,
				3CA748FF2CEA48F100ACDFEF /* JangbuRichApp.swift */,
				3CA749102CEA4C2900ACDFEF /* Global */,
				3CA7490F2CEA4C2500ACDFEF /* Model */,
				3CA7490E2CEA4C1E00ACDFEF /* Store */,
				3CA7490D2CEA4C1600ACDFEF /* View */,
				3CA749052CEA48F400ACDFEF /* Preview Content */,
			);
			path = JangbuRich;
			sourceTree = "<group>";
		};
		3CA749052CEA48F400ACDFEF /* Preview Content */ = {
			isa = PBXGroup;
			children = (
				3CA749062CEA48F400ACDFEF /* Preview Assets.xcassets */,
			);
			path = "Preview Content";
			sourceTree = "<group>";
		};
		3CA7490D2CEA4C1600ACDFEF /* View */ = {
			isa = PBXGroup;
			children = (
				3CA749272CEA529C00ACDFEF /* LaunchView.swift */,
				3CA749292CEA52CB00ACDFEF /* LoginView.swift */,
			);
			path = View;
			sourceTree = "<group>";
		};
		3CA7490E2CEA4C1E00ACDFEF /* Store */ = {
			isa = PBXGroup;
			children = (
			);
			path = Store;
			sourceTree = "<group>";
		};
		3CA7490F2CEA4C2500ACDFEF /* Model */ = {
			isa = PBXGroup;
			children = (
			);
			path = Model;
			sourceTree = "<group>";
		};
		3CA749102CEA4C2900ACDFEF /* Global */ = {
			isa = PBXGroup;
			children = (
				3CA749122CEA4C4500ACDFEF /* Resource */,
				3CA749112CEA4C3300ACDFEF /* Extension */,
			);
			path = Global;
			sourceTree = "<group>";
		};
		3CA749112CEA4C3300ACDFEF /* Extension */ = {
			isa = PBXGroup;
			children = (
				3CA749212CEA4DBF00ACDFEF /* Font+.swift */,
				3CA749232CEA4F2D00ACDFEF /* Color+.swift */,
				3CA749252CEA4F5500ACDFEF /* ShapeStyle+.swift */,
			);
			path = Extension;
			sourceTree = "<group>";
		};
		3CA749122CEA4C4500ACDFEF /* Resource */ = {
			isa = PBXGroup;
			children = (
				3CA749032CEA48F400ACDFEF /* Assets.xcassets */,
				3CA7491A2CEA4D7200ACDFEF /* Pretendard */,
			);
			path = Resource;
			sourceTree = "<group>";
		};
		3CA7491A2CEA4D7200ACDFEF /* Pretendard */ = {
			isa = PBXGroup;
			children = (
				3CA749142CEA4D7200ACDFEF /* Pretendard-Bold.otf */,
				3CA749152CEA4D7200ACDFEF /* Pretendard-Light.otf */,
				3CA749162CEA4D7200ACDFEF /* Pretendard-Medium.otf */,
				3CA749172CEA4D7200ACDFEF /* Pretendard-Regular.otf */,
				3CA749182CEA4D7200ACDFEF /* Pretendard-SemiBold.otf */,
				3CA749192CEA4D7200ACDFEF /* Pretendard-Thin.otf */,
			);
			path = Pretendard;
			sourceTree = "<group>";
		};
/* End PBXGroup section */

/* Begin PBXNativeTarget section */
		3CA748FB2CEA48F100ACDFEF /* JangbuRich */ = {
			isa = PBXNativeTarget;
			buildConfigurationList = 3CA7490A2CEA48F400ACDFEF /* Build configuration list for PBXNativeTarget "JangbuRich" */;
			buildPhases = (
				3CA748F82CEA48F100ACDFEF /* Sources */,
				3CA748F92CEA48F100ACDFEF /* Frameworks */,
				3CA748FA2CEA48F100ACDFEF /* Resources */,
			);
			buildRules = (
			);
			dependencies = (
			);
			name = JangbuRich;
			productName = JangbuRich;
			productReference = 3CA748FC2CEA48F100ACDFEF /* JangbuRich.app */;
			productType = "com.apple.product-type.application";
		};
/* End PBXNativeTarget section */

/* Begin PBXProject section */
		3CA748F42CEA48F100ACDFEF /* Project object */ = {
			isa = PBXProject;
			attributes = {
				BuildIndependentTargetsInParallel = 1;
				LastSwiftUpdateCheck = 1530;
				LastUpgradeCheck = 1530;
				TargetAttributes = {
					3CA748FB2CEA48F100ACDFEF = {
						CreatedOnToolsVersion = 15.3;
					};
				};
			};
			buildConfigurationList = 3CA748F72CEA48F100ACDFEF /* Build configuration list for PBXProject "JangbuRich" */;
			compatibilityVersion = "Xcode 14.0";
			developmentRegion = en;
			hasScannedForEncodings = 0;
			knownRegions = (
				en,
				Base,
			);
			mainGroup = 3CA748F32CEA48F100ACDFEF;
			productRefGroup = 3CA748FD2CEA48F100ACDFEF /* Products */;
			projectDirPath = "";
			projectRoot = "";
			targets = (
				3CA748FB2CEA48F100ACDFEF /* JangbuRich */,
			);
		};
/* End PBXProject section */

/* Begin PBXResourcesBuildPhase section */
		3CA748FA2CEA48F100ACDFEF /* Resources */ = {
			isa = PBXResourcesBuildPhase;
			buildActionMask = 2147483647;
			files = (
				3CA749072CEA48F400ACDFEF /* Preview Assets.xcassets in Resources */,
				3CA7491E2CEA4D7200ACDFEF /* Pretendard-Regular.otf in Resources */,
				3CA7491F2CEA4D7200ACDFEF /* Pretendard-SemiBold.otf in Resources */,
				3CA749202CEA4D7200ACDFEF /* Pretendard-Thin.otf in Resources */,
				3CA7491D2CEA4D7200ACDFEF /* Pretendard-Medium.otf in Resources */,
				3CA7491C2CEA4D7200ACDFEF /* Pretendard-Light.otf in Resources */,
				3CA7491B2CEA4D7200ACDFEF /* Pretendard-Bold.otf in Resources */,
				3CA749042CEA48F400ACDFEF /* Assets.xcassets in Resources */,
			);
			runOnlyForDeploymentPostprocessing = 0;
		};
/* End PBXResourcesBuildPhase section */

/* Begin PBXSourcesBuildPhase section */
		3CA748F82CEA48F100ACDFEF /* Sources */ = {
			isa = PBXSourcesBuildPhase;
			buildActionMask = 2147483647;
			files = (
				3CA7492A2CEA52CB00ACDFEF /* LoginView.swift in Sources */,
				3CA749262CEA4F5500ACDFEF /* ShapeStyle+.swift in Sources */,
				3CA749282CEA529C00ACDFEF /* LaunchView.swift in Sources */,
				3CA749222CEA4DBF00ACDFEF /* Font+.swift in Sources */,
				3CA749242CEA4F2D00ACDFEF /* Color+.swift in Sources */,
				3CA749002CEA48F100ACDFEF /* JangbuRichApp.swift in Sources */,
			);
			runOnlyForDeploymentPostprocessing = 0;
		};
/* End PBXSourcesBuildPhase section */

/* Begin XCBuildConfiguration section */
		3CA749082CEA48F400ACDFEF /* Debug */ = {
			isa = XCBuildConfiguration;
			buildSettings = {
				ALWAYS_SEARCH_USER_PATHS = NO;
				ASSETCATALOG_COMPILER_GENERATE_SWIFT_ASSET_SYMBOL_EXTENSIONS = YES;
				CLANG_ANALYZER_NONNULL = YES;
				CLANG_ANALYZER_NUMBER_OBJECT_CONVERSION = YES_AGGRESSIVE;
				CLANG_CXX_LANGUAGE_STANDARD = "gnu++20";
				CLANG_ENABLE_MODULES = YES;
				CLANG_ENABLE_OBJC_ARC = YES;
				CLANG_ENABLE_OBJC_WEAK = YES;
				CLANG_WARN_BLOCK_CAPTURE_AUTORELEASING = YES;
				CLANG_WARN_BOOL_CONVERSION = YES;
				CLANG_WARN_COMMA = YES;
				CLANG_WARN_CONSTANT_CONVERSION = YES;
				CLANG_WARN_DEPRECATED_OBJC_IMPLEMENTATIONS = YES;
				CLANG_WARN_DIRECT_OBJC_ISA_USAGE = YES_ERROR;
				CLANG_WARN_DOCUMENTATION_COMMENTS = YES;
				CLANG_WARN_EMPTY_BODY = YES;
				CLANG_WARN_ENUM_CONVERSION = YES;
				CLANG_WARN_INFINITE_RECURSION = YES;
				CLANG_WARN_INT_CONVERSION = YES;
				CLANG_WARN_NON_LITERAL_NULL_CONVERSION = YES;
				CLANG_WARN_OBJC_IMPLICIT_RETAIN_SELF = YES;
				CLANG_WARN_OBJC_LITERAL_CONVERSION = YES;
				CLANG_WARN_OBJC_ROOT_CLASS = YES_ERROR;
				CLANG_WARN_QUOTED_INCLUDE_IN_FRAMEWORK_HEADER = YES;
				CLANG_WARN_RANGE_LOOP_ANALYSIS = YES;
				CLANG_WARN_STRICT_PROTOTYPES = YES;
				CLANG_WARN_SUSPICIOUS_MOVE = YES;
				CLANG_WARN_UNGUARDED_AVAILABILITY = YES_AGGRESSIVE;
				CLANG_WARN_UNREACHABLE_CODE = YES;
				CLANG_WARN__DUPLICATE_METHOD_MATCH = YES;
				COPY_PHASE_STRIP = NO;
				DEBUG_INFORMATION_FORMAT = dwarf;
				ENABLE_STRICT_OBJC_MSGSEND = YES;
				ENABLE_TESTABILITY = YES;
				ENABLE_USER_SCRIPT_SANDBOXING = YES;
				GCC_C_LANGUAGE_STANDARD = gnu17;
				GCC_DYNAMIC_NO_PIC = NO;
				GCC_NO_COMMON_BLOCKS = YES;
				GCC_OPTIMIZATION_LEVEL = 0;
				GCC_PREPROCESSOR_DEFINITIONS = (
					"DEBUG=1",
					"$(inherited)",
				);
				GCC_WARN_64_TO_32_BIT_CONVERSION = YES;
				GCC_WARN_ABOUT_RETURN_TYPE = YES_ERROR;
				GCC_WARN_UNDECLARED_SELECTOR = YES;
				GCC_WARN_UNINITIALIZED_AUTOS = YES_AGGRESSIVE;
				GCC_WARN_UNUSED_FUNCTION = YES;
				GCC_WARN_UNUSED_VARIABLE = YES;
				IPHONEOS_DEPLOYMENT_TARGET = 17.4;
				LOCALIZATION_PREFERS_STRING_CATALOGS = YES;
				MTL_ENABLE_DEBUG_INFO = INCLUDE_SOURCE;
				MTL_FAST_MATH = YES;
				ONLY_ACTIVE_ARCH = YES;
				SDKROOT = iphoneos;
				SWIFT_ACTIVE_COMPILATION_CONDITIONS = "DEBUG $(inherited)";
				SWIFT_OPTIMIZATION_LEVEL = "-Onone";
			};
			name = Debug;
		};
		3CA749092CEA48F400ACDFEF /* Release */ = {
			isa = XCBuildConfiguration;
			buildSettings = {
				ALWAYS_SEARCH_USER_PATHS = NO;
				ASSETCATALOG_COMPILER_GENERATE_SWIFT_ASSET_SYMBOL_EXTENSIONS = YES;
				CLANG_ANALYZER_NONNULL = YES;
				CLANG_ANALYZER_NUMBER_OBJECT_CONVERSION = YES_AGGRESSIVE;
				CLANG_CXX_LANGUAGE_STANDARD = "gnu++20";
				CLANG_ENABLE_MODULES = YES;
				CLANG_ENABLE_OBJC_ARC = YES;
				CLANG_ENABLE_OBJC_WEAK = YES;
				CLANG_WARN_BLOCK_CAPTURE_AUTORELEASING = YES;
				CLANG_WARN_BOOL_CONVERSION = YES;
				CLANG_WARN_COMMA = YES;
				CLANG_WARN_CONSTANT_CONVERSION = YES;
				CLANG_WARN_DEPRECATED_OBJC_IMPLEMENTATIONS = YES;
				CLANG_WARN_DIRECT_OBJC_ISA_USAGE = YES_ERROR;
				CLANG_WARN_DOCUMENTATION_COMMENTS = YES;
				CLANG_WARN_EMPTY_BODY = YES;
				CLANG_WARN_ENUM_CONVERSION = YES;
				CLANG_WARN_INFINITE_RECURSION = YES;
				CLANG_WARN_INT_CONVERSION = YES;
				CLANG_WARN_NON_LITERAL_NULL_CONVERSION = YES;
				CLANG_WARN_OBJC_IMPLICIT_RETAIN_SELF = YES;
				CLANG_WARN_OBJC_LITERAL_CONVERSION = YES;
				CLANG_WARN_OBJC_ROOT_CLASS = YES_ERROR;
				CLANG_WARN_QUOTED_INCLUDE_IN_FRAMEWORK_HEADER = YES;
				CLANG_WARN_RANGE_LOOP_ANALYSIS = YES;
				CLANG_WARN_STRICT_PROTOTYPES = YES;
				CLANG_WARN_SUSPICIOUS_MOVE = YES;
				CLANG_WARN_UNGUARDED_AVAILABILITY = YES_AGGRESSIVE;
				CLANG_WARN_UNREACHABLE_CODE = YES;
				CLANG_WARN__DUPLICATE_METHOD_MATCH = YES;
				COPY_PHASE_STRIP = NO;
				DEBUG_INFORMATION_FORMAT = "dwarf-with-dsym";
				ENABLE_NS_ASSERTIONS = NO;
				ENABLE_STRICT_OBJC_MSGSEND = YES;
				ENABLE_USER_SCRIPT_SANDBOXING = YES;
				GCC_C_LANGUAGE_STANDARD = gnu17;
				GCC_NO_COMMON_BLOCKS = YES;
				GCC_WARN_64_TO_32_BIT_CONVERSION = YES;
				GCC_WARN_ABOUT_RETURN_TYPE = YES_ERROR;
				GCC_WARN_UNDECLARED_SELECTOR = YES;
				GCC_WARN_UNINITIALIZED_AUTOS = YES_AGGRESSIVE;
				GCC_WARN_UNUSED_FUNCTION = YES;
				GCC_WARN_UNUSED_VARIABLE = YES;
				IPHONEOS_DEPLOYMENT_TARGET = 17.4;
				LOCALIZATION_PREFERS_STRING_CATALOGS = YES;
				MTL_ENABLE_DEBUG_INFO = NO;
				MTL_FAST_MATH = YES;
				SDKROOT = iphoneos;
				SWIFT_COMPILATION_MODE = wholemodule;
				VALIDATE_PRODUCT = YES;
			};
			name = Release;
		};
		3CA7490B2CEA48F400ACDFEF /* Debug */ = {
			isa = XCBuildConfiguration;
			buildSettings = {
				ASSETCATALOG_COMPILER_APPICON_NAME = AppIcon;
				ASSETCATALOG_COMPILER_GLOBAL_ACCENT_COLOR_NAME = AccentColor;
				CODE_SIGN_STYLE = Automatic;
				CURRENT_PROJECT_VERSION = 1;
				DEVELOPMENT_ASSET_PATHS = "\"JangbuRich/Preview Content\"";
				DEVELOPMENT_TEAM = MAZQ6JDBT4;
				ENABLE_PREVIEWS = YES;
				GENERATE_INFOPLIST_FILE = YES;
				INFOPLIST_FILE = JangbuRich/Info.plist;
				INFOPLIST_KEY_CFBundleDisplayName = "장부리치";
				INFOPLIST_KEY_LSApplicationCategoryType = "public.app-category.food-and-drink";
				INFOPLIST_KEY_UIApplicationSceneManifest_Generation = YES;
				INFOPLIST_KEY_UIApplicationSupportsIndirectInputEvents = YES;
				INFOPLIST_KEY_UILaunchScreen_Generation = YES;
				INFOPLIST_KEY_UISupportedInterfaceOrientations = UIInterfaceOrientationPortrait;
				INFOPLIST_KEY_UIUserInterfaceStyle = Light;
				IPHONEOS_DEPLOYMENT_TARGET = 17.0;
				LD_RUNPATH_SEARCH_PATHS = (
					"$(inherited)",
					"@executable_path/Frameworks",
				);
				MARKETING_VERSION = 1.0.0;
				PRODUCT_BUNDLE_IDENTIFIER = com.boogios.JangbuRich;
				PRODUCT_NAME = "$(TARGET_NAME)";
				SUPPORTED_PLATFORMS = "iphoneos iphonesimulator";
				SUPPORTS_MACCATALYST = NO;
				SUPPORTS_MAC_DESIGNED_FOR_IPHONE_IPAD = NO;
				SUPPORTS_XR_DESIGNED_FOR_IPHONE_IPAD = NO;
				SWIFT_EMIT_LOC_STRINGS = YES;
				SWIFT_VERSION = 5.0;
				TARGETED_DEVICE_FAMILY = "1,2";
			};
			name = Debug;
		};
		3CA7490C2CEA48F400ACDFEF /* Release */ = {
			isa = XCBuildConfiguration;
			buildSettings = {
				ASSETCATALOG_COMPILER_APPICON_NAME = AppIcon;
				ASSETCATALOG_COMPILER_GLOBAL_ACCENT_COLOR_NAME = AccentColor;
				CODE_SIGN_STYLE = Automatic;
				CURRENT_PROJECT_VERSION = 1;
				DEVELOPMENT_ASSET_PATHS = "\"JangbuRich/Preview Content\"";
				DEVELOPMENT_TEAM = MAZQ6JDBT4;
				ENABLE_PREVIEWS = YES;
				GENERATE_INFOPLIST_FILE = YES;
				INFOPLIST_FILE = JangbuRich/Info.plist;
				INFOPLIST_KEY_CFBundleDisplayName = "장부리치";
				INFOPLIST_KEY_LSApplicationCategoryType = "public.app-category.food-and-drink";
				INFOPLIST_KEY_UIApplicationSceneManifest_Generation = YES;
				INFOPLIST_KEY_UIApplicationSupportsIndirectInputEvents = YES;
				INFOPLIST_KEY_UILaunchScreen_Generation = YES;
				INFOPLIST_KEY_UISupportedInterfaceOrientations = UIInterfaceOrientationPortrait;
				INFOPLIST_KEY_UIUserInterfaceStyle = Light;
				IPHONEOS_DEPLOYMENT_TARGET = 17.0;
				LD_RUNPATH_SEARCH_PATHS = (
					"$(inherited)",
					"@executable_path/Frameworks",
				);
				MARKETING_VERSION = 1.0.0;
				PRODUCT_BUNDLE_IDENTIFIER = com.boogios.JangbuRich;
				PRODUCT_NAME = "$(TARGET_NAME)";
				SUPPORTED_PLATFORMS = "iphoneos iphonesimulator";
				SUPPORTS_MACCATALYST = NO;
				SUPPORTS_MAC_DESIGNED_FOR_IPHONE_IPAD = NO;
				SUPPORTS_XR_DESIGNED_FOR_IPHONE_IPAD = NO;
				SWIFT_EMIT_LOC_STRINGS = YES;
				SWIFT_VERSION = 5.0;
				TARGETED_DEVICE_FAMILY = "1,2";
			};
			name = Release;
		};
/* End XCBuildConfiguration section */

/* Begin XCConfigurationList section */
		3CA748F72CEA48F100ACDFEF /* Build configuration list for PBXProject "JangbuRich" */ = {
			isa = XCConfigurationList;
			buildConfigurations = (
				3CA749082CEA48F400ACDFEF /* Debug */,
				3CA749092CEA48F400ACDFEF /* Release */,
			);
			defaultConfigurationIsVisible = 0;
			defaultConfigurationName = Release;
		};
		3CA7490A2CEA48F400ACDFEF /* Build configuration list for PBXNativeTarget "JangbuRich" */ = {
			isa = XCConfigurationList;
			buildConfigurations = (
				3CA7490B2CEA48F400ACDFEF /* Debug */,
				3CA7490C2CEA48F400ACDFEF /* Release */,
			);
			defaultConfigurationIsVisible = 0;
			defaultConfigurationName = Release;
		};
/* End XCConfigurationList section */
	};
	rootObject = 3CA748F42CEA48F100ACDFEF /* Project object */;
}
